# This file is autogenerated, do not edit; changes may be undone by the next 'dep ensure'.


[[projects]]
  name = "github.com/kubernetes-incubator/cri-o"
  packages = [
    "client",
    "types"
  ]
  revision = "87237324485137e0f439c3011999401186b62874"
  version = "v1.9.10"

[[projects]]
  branch = "master"
  name = "golang.org/x/sys"
  packages = ["unix"]
  revision = "dd2ff4accc098aceecb86b36eaa7829b2a17b1c9"

[solve-meta]
  analyzer-name = "dep"
  analyzer-version = 1
  inputs-digest = "666ec6353b6b5143c5b4d58537f88a39a69f4a74a1232118033d11c1142b25a7"
  solver-name = "gps-cdcl"
  solver-version = 1
