github.com/frankban/quicktest v1.14.3 h1:FJKSZTDHjyhriyC81FLQ0LY93eSai0ZyR/ZIkd3ZUKE=
github.com/google/go-cmp v0.5.8 h1:e6P7q2lk1O+qJJb4BtCQXlK8vWEO8V1ZeuEdJNOqZyg=
github.com/google/go-cmp v0.5.8/go.mod h1:17dUlkBOakJ0+DkrSSNjCkIjxS6bF9zb3elmeNGIjoY=
github.com/kr/pretty v0.3.0 h1:WgNl7dwNpEZ6jJ9k1snq4pZsg7DOEN8hP9Xw0Tsjwk0=
github.com/kr/text v0.2.0 h1:5Nx0Ya0ZqY2ygV366QzturHI13Jq95ApcVaJBhpS+AY=
github.com/rogpeppe/go-internal v1.9.0 h1:73kH8U+JUqXU8lRuOHeVHaa/SZPifC7BkcraZVejAe8=
github.com/unix4ever/yaml v0.0.0-20210315173758-8fb30b8e5a5b h1:8pnPjZJU0SYanlmHnhMTeR8OR148K9yStwBz1GsjBsQ=
github.com/unix4ever/yaml v0.0.0-20210315173758-8fb30b8e5a5b/go.mod h1:K4uyk7z7BCEPqu6E+C64Yfv1cQ7kz7rIZviUmN+EgEM=
golang.org/x/mod v0.6.0-dev.0.20220419223038-86c51ed26bb4 h1:6zppjxzCulZykYSLyVDYbneBfbaBIQPYMevg0bEwv2s=
golang.org/x/mod v0.6.0-dev.0.20220419223038-86c51ed26bb4/go.mod h1:jJ57K6gSWd91VN4djpZkiMVwK6gcyfeH4XE8wZrZaV4=
golang.org/x/sys v0.0.0-20220829200755-d48e67d00261 h1:v6hYoSR9T5oet+pMXwUWkbiVqx/63mlHjefrHmxwfeY=
golang.org/x/tools v0.1.12 h1:VveCTK38A2rkS8ZqFY25HIDFscX5X9OoEhJd3quQmXU=
golang.org/x/tools v0.1.12/go.mod h1:hNGJHUnrk76NpqgfD5Aqm5Crs+Hm0VOH/i9J2+nxYbc=
gopkg.in/check.v1 v0.0.0-20161208181325-20d25e280405 h1:yhCVgyC4o1eVCa2tZl7eS0r+SDo693bJlVdllGtEeKM=
gopkg.in/check.v1 v0.0.0-20161208181325-20d25e280405/go.mod h1:Co6ibVJAznAaIkqp8huTwlJQCZ016jof/cbN4VW5Yz0=
mvdan.cc/gofumpt v0.4.0 h1:JVf4NN1mIpHogBj7ABpgOyZc65/UUOkKQFkoURsz4MM=
mvdan.cc/gofumpt v0.4.0/go.mod h1:PljLOHDeZqgS8opHRKLzp2It2VBuSdteAgqUfzMTxlQ=
