github.com/aymerick/douceur v0.2.0 h1:Mv+mAeH1Q+n9Fr+oyamOlAkUNPWPlA8PPGR0QAaYuPk=
github.com/aymerick/douceur v0.2.0/go.mod h1:wlT5vV2O3h55X9m7iVYN0TBM0NH/MmbLnd30/FjWUq4=
github.com/bahlo/generic-list-go v0.2.0 h1:5sz/EEAK+ls5wF+NeqDpk5+iNdMDXrh3z3nPnH1Wvgk=
github.com/bahlo/generic-list-go v0.2.0/go.mod h1:2KvAjgMlE5NNynlg/5iLrrCCZ2+5xWbdbCW3pNTGyYg=
github.com/buger/jsonparser v1.1.1 h1:2PnMjfWD7wBILjqQbt530v576A/cAbQvEW9gGIpYMUs=
github.com/buger/jsonparser v1.1.1/go.mod h1:6RYKKt7H4d4+iWqouImQ9R2FZql3VbhNgx27UK13J/0=
github.com/davecgh/go-spew v1.1.1 h1:vj9j/u1bqnvCEfJOwUhtlOARqs3+rkHYY13jYWTU97c=
github.com/davecgh/go-spew v1.1.1/go.mod h1:J7Y8YcW2NihsgmVo/mv3lAwl/skON4iLHjSsI+c5H38=
github.com/frankban/quicktest v1.14.6 h1:7Xjx+VpznH+oBnejlPUj8oUpdxnVs4f8XU8WnHkI4W8=
github.com/frankban/quicktest v1.14.6/go.mod h1:4ptaffx2x8+WTWXmUCuVU6aPUX1/Mz7zb5vbUoiM6w0=
github.com/gomarkdown/markdown v0.0.0-20240419095408-642f0ee99ae2 h1:yEt5djSYb4iNtmV9iJGVday+i4e9u6Mrn5iP64HH5QM=
github.com/gomarkdown/markdown v0.0.0-20240419095408-642f0ee99ae2/go.mod h1:JDGcbDT52eL4fju3sZ4TeHGsQwhG9nbDV21aMyhwPoA=
github.com/google/go-cmp v0.6.0 h1:ofyhxvXcZhMsU5ulbFiLKl/XBFqE1GSq7atu8tAmTRI=
github.com/google/go-cmp v0.6.0/go.mod h1:17dUlkBOakJ0+DkrSSNjCkIjxS6bF9zb3elmeNGIjoY=
github.com/gorilla/css v1.0.1 h1:ntNaBIghp6JmvWnxbZKANoLyuXTPZ4cAMlo6RyhlbO8=
github.com/gorilla/css v1.0.1/go.mod h1:BvnYkspnSzMmwRK+b8/xgNPLiIuNZr6vbZBTPQ2A3b0=
github.com/invopop/jsonschema v0.12.0 h1:6ovsNSuvn9wEQVOyc72aycBMVQFKz7cPdMJn10CvzRI=
github.com/invopop/jsonschema v0.12.0/go.mod h1:ffZ5Km5SWWRAIN6wbDXItl95euhFz2uON45H2qjYt+0=
github.com/josharian/intern v1.0.0/go.mod h1:5DoeVV0s6jJacbCEi61lwdGj/aVlrQvzHFFd8Hwg//Y=
github.com/kr/pretty v0.3.1 h1:flRD4NNwYAUpkphVc1HcthR4KEIFJ65n8Mw5qdRn3LE=
github.com/kr/pretty v0.3.1/go.mod h1:hoEshYVHaxMs3cyo3Yncou5ZscifuDolrwPKZanG3xk=
github.com/kr/text v0.2.0 h1:5Nx0Ya0ZqY2ygV366QzturHI13Jq95ApcVaJBhpS+AY=
github.com/kr/text v0.2.0/go.mod h1:eLer722TekiGuMkidMxC/pM04lWEeraHUUmBw8l2grE=
github.com/mailru/easyjson v0.7.7 h1:UGYAvKxe3sBsEDzO8ZeWOSlIQfWFlxbzLZe7hwFURr0=
github.com/mailru/easyjson v0.7.7/go.mod h1:xzfreul335JAWq5oZzymOObrkdz5UnU4kGfJJLY9Nlc=
github.com/microcosm-cc/bluemonday v1.0.26 h1:xbqSvqzQMeEHCqMi64VAs4d8uy6Mequs3rQ0k/Khz58=
github.com/microcosm-cc/bluemonday v1.0.26/go.mod h1:JyzOCs9gkyQyjs+6h10UEVSe02CGwkhd72Xdqh78TWs=
github.com/pmezard/go-difflib v1.0.0 h1:4DBwDE0NGyQoBHbLQYPwSUPoCMWR5BEzIk/f1lZbAQM=
github.com/pmezard/go-difflib v1.0.0/go.mod h1:iKH77koFhYxTK1pcRnkKkqfTogsbg7gZNVY4sRDYZ/4=
github.com/rogpeppe/go-internal v1.12.0 h1:exVL4IDcn6na9z1rAb56Vxr+CgyK3nn3O+epU5NdKM8=
github.com/rogpeppe/go-internal v1.12.0/go.mod h1:E+RYuTGaKKdloAfM02xzb0FW3Paa99yedzYV+kq4uf4=
github.com/santhosh-tekuri/jsonschema/v5 v5.3.1 h1:lZUw3E0/J3roVtGQ+SCrUrg3ON6NgVqpn3+iol9aGu4=
github.com/santhosh-tekuri/jsonschema/v5 v5.3.1/go.mod h1:uToXkOrWAZ6/Oc07xWQrPOhJotwFIyu2bBVN41fcDUY=
github.com/siderolabs/gen v0.4.8 h1:VNpbmDLhkXp7qcSEkKk1Ee7vU2afs3xvHrWLGR2UuiY=
github.com/siderolabs/gen v0.4.8/go.mod h1:7ROKVHHB68R3Amrd4a1ZXz/oMrXWF3Mg3lSEgnkJY5c=
github.com/stretchr/testify v1.9.0 h1:HtqpIVDClZ4nwg75+f6Lvsy/wHu+3BoSGCbBAcpTsTg=
github.com/stretchr/testify v1.9.0/go.mod h1:r2ic/lqez/lEtzL7wO/rwa5dbSLXVDPFyf8C91i36aY=
github.com/unix4ever/yaml v0.0.0-20220527175918-f17b0f05cf2c h1:Vn6nVVu9MdOYvXPkJP83iX5jVIfvxFC9v9xIKb+DlaQ=
github.com/unix4ever/yaml v0.0.0-20220527175918-f17b0f05cf2c/go.mod h1:K4uyk7z7BCEPqu6E+C64Yfv1cQ7kz7rIZviUmN+EgEM=
github.com/wk8/go-ordered-map/v2 v2.1.8 h1:5h/BUHu93oj4gIdvHHHGsScSTMijfx5PeYkE/fJgbpc=
github.com/wk8/go-ordered-map/v2 v2.1.8/go.mod h1:5nJHM5DyteebpVlHnWMV0rPz6Zp7+xBAnxjb1X5vnTw=
golang.org/x/mod v0.17.0 h1:zY54UmvipHiNd+pm+m0x9KhZ9hl1/7QNMyxXbc6ICqA=
golang.org/x/mod v0.17.0/go.mod h1:hTbmBsO62+eylJbnUtE2MGJUyE7QWk4xUqPFrRgJ+7c=
golang.org/x/net v0.24.0 h1:1PcaxkF854Fu3+lvBIx5SYn9wRlBzzcnHZSiaFFAb0w=
golang.org/x/net v0.24.0/go.mod h1:2Q7sJY5mzlzWjKtYUEXSlBWCdyaioyXzRB2RtU8KVE8=
golang.org/x/tools v0.20.0 h1:hz/CVckiOxybQvFw6h7b/q80NTr9IUQb4s1IIzW7KNY=
golang.org/x/tools v0.20.0/go.mod h1:WvitBU7JJf6A4jOdg4S1tviW9bhUxkgeCui/0JHctQg=
gopkg.in/check.v1 v0.0.0-20161208181325-20d25e280405 h1:yhCVgyC4o1eVCa2tZl7eS0r+SDo693bJlVdllGtEeKM=
gopkg.in/check.v1 v0.0.0-20161208181325-20d25e280405/go.mod h1:Co6ibVJAznAaIkqp8huTwlJQCZ016jof/cbN4VW5Yz0=
mvdan.cc/gofumpt v0.6.0 h1:G3QvahNDmpD+Aek/bNOLrFR2XC6ZAdo62dZu65gmwGo=
mvdan.cc/gofumpt v0.6.0/go.mod h1:4L0wf+kgIPZtcCWXynNS2e6bhmj73umwnuXSZarixzA=
