k8s.io/api v0.0.0-20181005203742-357ec6384fa7 h1:cmeeh4O02+Rpgl6znrIkYB7Zu/bBIQoDa7IGZDa1Gz8=
k8s.io/api v0.0.0-20181005203742-357ec6384fa7/go.mod h1:iuAfoD4hCxJ8Onx9kaTIt30j7jUFS00AXQi6QMi99vA=
k8s.io/apimachinery v0.0.0-20180913025736-6dd46049f395 h1:X+c9tYTDc9Pmt+Z1YSMqmUTCYf13VYe1u+ZwzjgpK0M=
k8s.io/apimachinery v0.0.0-20180913025736-6dd46049f395/go.mod h1:ccL7Eh7zubPUSh9A3USN90/OzHNSVN6zxzde07TDCL0=
k8s.io/apimachinery v0.0.0-20181013010248-dcb88206cd7f h1:J4RMsuKRhuF+JxWL8Ip+w+lVxS/kypd+j0R93qPBD2c=
k8s.io/client-go v2.0.0-alpha.0.0.20181005204318-cb4883f3dea0+incompatible h1:MuEpj71HTIXKoItJuIrkHWli0S997k3bYcep2/54Cq0=
k8s.io/client-go v2.0.0-alpha.0.0.20181005204318-cb4883f3dea0+incompatible/go.mod h1:7vJpHMYJwNQCWgzmNV+VYUl1zCObLyodBc8nIyt8L5s=
k8s.io/client-go v9.0.0+incompatible h1:NXWpDuPFeVB5lYP1fTqJUtwigjtmRXJNtndnN53ldGI=
k8s.io/client-go v9.0.0+incompatible/go.mod h1:7vJpHMYJwNQCWgzmNV+VYUl1zCObLyodBc8nIyt8L5s=
k8s.io/kubernetes v1.12.1 h1:ud3qsh7xkSlwtboMEH1KLP2YlI0NYVYjVI/mX0jBRbY=
k8s.io/kubernetes v1.12.1/go.mod h1:ocZa8+6APFNC2tX1DZASIbocyYT5jHzqFVsY5aoB7Jk=
