cel.dev/expr v0.24.0 h1:56OvJKSH3hDGL0ml5uSxZmz3/3Pq4tJ+fb1unVLAFcY=
cel.dev/expr v0.24.0/go.mod h1:hLPLo1W4QUmuYdA72RBX06QTs6MXw941piREPl3Yfiw=
github.com/ProtonMail/go-crypto v1.3.0 h1:ILq8+Sf5If5DCpHQp4PbZdS1J7HDFRXz/+xKBiRGFrw=
github.com/ProtonMail/go-crypto v1.3.0/go.mod h1:9whxjD8Rbs29b4XWbB8irEcE8KHMqaR2e7GWU1R+/PE=
github.com/ProtonMail/go-mime v0.0.0-20230322103455-7d82a3887f2f h1:tCbYj7/299ekTTXpdwKYF8eBlsYsDVoggDAuAjoK66k=
github.com/ProtonMail/go-mime v0.0.0-20230322103455-7d82a3887f2f/go.mod h1:gcr0kNtGBqin9zDW9GOHcVntrwnjrK+qdJ06mWYBybw=
github.com/ProtonMail/gopenpgp/v2 v2.9.0 h1:ruLzBmwe4dR1hdnrsEJ/S7psSBmV15gFttFUPP/+/kE=
github.com/ProtonMail/gopenpgp/v2 v2.9.0/go.mod h1:IldDyh9Hv1ZCCYatTuuEt1XZJ0OPjxLpTarDfglih7s=
github.com/adrg/xdg v0.5.3 h1:xRnxJXne7+oWDatRhR1JLnvuccuIeCoBu2rtuLqQB78=
github.com/adrg/xdg v0.5.3/go.mod h1:nlTsY+NNiCBGCK2tpm09vRqfVzrc2fLmXGpBLF0zlTQ=
github.com/antlr4-go/antlr/v4 v4.13.1 h1:SqQKkuVZ+zWkMMNkjy5FZe5mr5WURWnlpmOuzYWrPrQ=
github.com/antlr4-go/antlr/v4 v4.13.1/go.mod h1:GKmUxMtwp6ZgGwZSva4eWPC5mS6vUAmOABFgjdkM7Nw=
github.com/blang/semver/v4 v4.0.0 h1:1PFHFE6yCCTv8C1TeyNNarDzntLi7wMI5i/pzqYIsAM=
github.com/blang/semver/v4 v4.0.0/go.mod h1:IbckMUScFkM3pff0VJDNKRiT6TG/YpiHIM2yvyW5YoQ=
github.com/brianvoe/gofakeit/v7 v7.7.3 h1:RWOATEGpJ5EVg2nN8nlaEyaV/aB4d6c3GqYrbqQekss=
github.com/brianvoe/gofakeit/v7 v7.7.3/go.mod h1:QXuPeBw164PJCzCUZVmgpgHJ3Llj49jSLVkKPMtxtxA=
github.com/cenkalti/backoff/v4 v4.3.0 h1:MyRJ/UdXutAwSAT+s3wNd7MfTIcy71VQueUuFK343L8=
github.com/cenkalti/backoff/v4 v4.3.0/go.mod h1:Y3VNntkOUPxTVeUxJ/G5vcM//AlwfmyYozVcomhLiZE=
github.com/cilium/ebpf v0.19.0 h1:Ro/rE64RmFBeA9FGjcTc+KmCeY6jXmryu6FfnzPRIao=
github.com/cilium/ebpf v0.19.0/go.mod h1:fLCgMo3l8tZmAdM3B2XqdFzXBpwkcSTroaVqN08OWVY=
github.com/cloudflare/circl v1.6.1 h1:zqIqSPIndyBh1bjLVVDHMPpVKqp8Su/V+6MeDzzQBQ0=
github.com/cloudflare/circl v1.6.1/go.mod h1:uddAzsPgqdMAYatqJ0lsjX1oECcQLIlRpzZh3pJrofs=
github.com/containerd/go-cni v1.1.13 h1:eFSGOKlhoYNxpJ51KRIMHZNlg5UgocXEIEBGkY7Hnis=
github.com/containerd/go-cni v1.1.13/go.mod h1:nTieub0XDRmvCZ9VI/SBG6PyqT95N4FIhxsauF1vSBI=
github.com/containernetworking/cni v1.3.0 h1:v6EpN8RznAZj9765HhXQrtXgX+ECGebEYEmnuFjskwo=
github.com/containernetworking/cni v1.3.0/go.mod h1:Bs8glZjjFfGPHMw6hQu82RUgEPNGEaBb9KS5KtNMnJ4=
github.com/cosi-project/runtime v1.12.0 h1:fsX1VKn9atthccDMhWDHM+t1hdW6eDKAPa2t/Rd/dfI=
github.com/cosi-project/runtime v1.12.0/go.mod h1:/9fspODJfZrO5dQatMRgN440K8DjWP1jFSgiLX+FmQc=
github.com/cosi-project/runtime v1.13.0 h1:EKy/GwhVTgq131w0g3pbB0bTEf6FiZFjbK6go/I0pmE=
github.com/cosi-project/runtime v1.13.0/go.mod h1:/9fspODJfZrO5dQatMRgN440K8DjWP1jFSgiLX+FmQc=
github.com/davecgh/go-spew v1.1.0/go.mod h1:J7Y8YcW2NihsgmVo/mv3lAwl/skON4iLHjSsI+c5H38=
github.com/davecgh/go-spew v1.1.1/go.mod h1:J7Y8YcW2NihsgmVo/mv3lAwl/skON4iLHjSsI+c5H38=
github.com/davecgh/go-spew v1.1.2-0.20180830191138-d8f796af33cc h1:U9qPSI2PIWSS1VwoXQT9A3Wy9MM3WgvqSxFWenqJduM=
github.com/davecgh/go-spew v1.1.2-0.20180830191138-d8f796af33cc/go.mod h1:J7Y8YcW2NihsgmVo/mv3lAwl/skON4iLHjSsI+c5H38=
github.com/dustin/go-humanize v1.0.1 h1:GzkhY7T5VNhEkwH0PVJgjz+fX1rhBrR7pRT3mDkpeCY=
github.com/dustin/go-humanize v1.0.1/go.mod h1:Mu1zIs6XwVuF/gI1OepvI0qD18qycQx+mFykh5fBlto=
github.com/emicklei/dot v1.9.2 h1:E/Wjz+BAH+JDhybEpISbo+QyDMNSiu/wqmIW9y922P8=
github.com/emicklei/dot v1.9.2/go.mod h1:DeV7GvQtIw4h2u73RKBkkFdvVAz0D9fzeJrgPW6gy/s=
github.com/emicklei/dot v1.10.0 h1:z17n0ce/FBMz3QbShSzVGhiW447Qhu7fljzvp3Gs6ig=
github.com/emicklei/dot v1.10.0/go.mod h1:DeV7GvQtIw4h2u73RKBkkFdvVAz0D9fzeJrgPW6gy/s=
github.com/evanphx/json-patch v5.9.11+incompatible h1:ixHHqfcGvxhWkniF1tWxBHA0yb4Z+d1UQi45df52xW8=
github.com/evanphx/json-patch v5.9.11+incompatible/go.mod h1:50XU6AFN0ol/bzJsmQLiYLvXMP4fmwYFNcr97nuDLSk=
github.com/fatih/color v1.18.0 h1:S8gINlzdQ840/4pfAwic/ZE0djQEH3wM94VfqLTZcOM=
github.com/fatih/color v1.18.0/go.mod h1:4FelSpRwEGDpQ12mAdzqdOukCy4u8WUtOY6lkT/6HfU=
github.com/gertd/go-pluralize v0.2.1 h1:M3uASbVjMnTsPb0PNqg+E/24Vwigyo/tvyMTtAlLgiA=
github.com/gertd/go-pluralize v0.2.1/go.mod h1:rbYaKDbsXxmRfr8uygAEKhOWsjyrrqrkHVpZvoOp8zk=
github.com/ghodss/yaml v1.0.0 h1:wQHKEahhL6wmXdzwWG11gIVCkOv05bNOh+Rxn0yngAk=
github.com/ghodss/yaml v1.0.0/go.mod h1:4dBDuWmgqj2HViK6kFavaiC9ZROes6MMH2rRYeMEF04=
github.com/go-logr/logr v1.4.3 h1:CjnDlHq8ikf6E492q6eKboGOC0T8CDaOvkHCIg8idEI=
github.com/go-logr/logr v1.4.3/go.mod h1:9T104GzyrTigFIr8wt5mBrctHMim0Nb2HLGrmQ40KvY=
github.com/go-logr/stdr v1.2.2 h1:hSWxHoqTgW2S2qGc0LTAI563KZ5YKYRhT3MFKZMbjag=
github.com/go-logr/stdr v1.2.2/go.mod h1:mMo/vtBO5dYbehREoey6XUKy/eSumjCCveDpRre4VKE=
github.com/go-task/slim-sprig/v3 v3.0.0 h1:sUs3vkvUymDpBKi3qH1YSqBQk9+9D/8M2mN1vB6EwHI=
github.com/go-task/slim-sprig/v3 v3.0.0/go.mod h1:W848ghGpv3Qj3dhTPRyJypKRiqCdHZiAzKg9hl15HA8=
github.com/golang/protobuf v1.5.4 h1:i7eJL8qZTpSEXOPTxNKhASYpMn+8e5Q6AdndVa1dWek=
github.com/golang/protobuf v1.5.4/go.mod h1:lnTiLA8Wa4RWRcIUkrtSVa5nRhsEGBg48fD6rSs7xps=
github.com/google/cel-go v0.26.1 h1:iPbVVEdkhTX++hpe3lzSk7D3G3QSYqLGoHOcEio+UXQ=
github.com/google/cel-go v0.26.1/go.mod h1:A9O8OU9rdvrK5MQyrqfIxo1a0u4g3sF8KB6PUIaryMM=
github.com/google/go-cmp v0.7.0 h1:wk8382ETsv4JYUZwIsn6YpYiWiBsYLSJiTsyBybVuN8=
github.com/google/go-cmp v0.7.0/go.mod h1:pXiqmnSA92OHEEa9HXL2W4E7lf9JzCmGVUdgjX3N/iU=
github.com/google/pprof v0.0.0-20240727154555-813a5fbdbec8 h1:FKHo8hFI3A+7w0aUQuYXQ+6EN5stWmeY/AZqtM8xk9k=
github.com/google/pprof v0.0.0-20240727154555-813a5fbdbec8/go.mod h1:K1liHPHnj73Fdn/EKuT8nrFqBihUSKXoLYU0BuatOYo=
github.com/google/uuid v1.6.0 h1:NIvaJDMOsjHA8n1jAhLSgzrAzy1Hgr+hNrb57e+94F0=
github.com/google/uuid v1.6.0/go.mod h1:TIyPZe4MgqvfeYDBFedMoGGpEw/LqOeaOT+nhxU+yHo=
github.com/grpc-ecosystem/grpc-gateway/v2 v2.27.3 h1:NmZ1PKzSTQbuGHw9DGPFomqkkLWMC+vZCkfs+FHv1Vg=
github.com/grpc-ecosystem/grpc-gateway/v2 v2.27.3/go.mod h1:zQrxl1YP88HQlA6i9c63DSVPFklWpGX4OWAc9bFuaH4=
github.com/hashicorp/errwrap v1.0.0/go.mod h1:YH+1FKiLXxHSkmPseP+kNlulaMuP3n2brvKWEqk/Jc4=
github.com/hashicorp/errwrap v1.1.0 h1:OxrOeh75EUXMY8TBjag2fzXGZ40LB6IKw45YeGUDY2I=
github.com/hashicorp/errwrap v1.1.0/go.mod h1:YH+1FKiLXxHSkmPseP+kNlulaMuP3n2brvKWEqk/Jc4=
github.com/hashicorp/go-multierror v1.1.1 h1:H5DkEtf6CXdFp0N0Em5UCwQpXMWke8IA0+lD48awMYo=
github.com/hashicorp/go-multierror v1.1.1/go.mod h1:iw975J/qwKPdAO1clOe2L8331t/9/fmwbPZ6JB6eMoM=
github.com/hexops/gotextdiff v1.0.3 h1:gitA9+qJrrTCsiCl7+kh75nPqQt1cx4ZkudSTLoUqJM=
github.com/hexops/gotextdiff v1.0.3/go.mod h1:pSWU5MAI3yDq+fZBTazCSJysOMbxWL1BSow5/V2vxeg=
github.com/josharian/native v1.1.0 h1:uuaP0hAbW7Y4l0ZRQ6C9zfb7Mg1mbFKry/xzDAfmtLA=
github.com/josharian/native v1.1.0/go.mod h1:7X/raswPFr05uY3HiLlYeyQntB6OO7E/d2Cu7qoaN2w=
github.com/jsimonetti/rtnetlink/v2 v2.1.0 h1:3sSPD0k+Qvia3wbv6kZXCN0Dlz6Swv7RHjvvonuOcKE=
github.com/jsimonetti/rtnetlink/v2 v2.1.0/go.mod h1:hPPUTE+ekH3HD+zCEGAGLxzFY9HrJCyD1aN7JJ3SHIY=
github.com/kr/pretty v0.3.1 h1:flRD4NNwYAUpkphVc1HcthR4KEIFJ65n8Mw5qdRn3LE=
github.com/kr/pretty v0.3.1/go.mod h1:hoEshYVHaxMs3cyo3Yncou5ZscifuDolrwPKZanG3xk=
github.com/kr/text v0.2.0 h1:5Nx0Ya0ZqY2ygV366QzturHI13Jq95ApcVaJBhpS+AY=
github.com/kr/text v0.2.0/go.mod h1:eLer722TekiGuMkidMxC/pM04lWEeraHUUmBw8l2grE=
github.com/mattn/go-colorable v0.1.14 h1:9A9LHSqF/7dyVVX6g0U9cwm9pG3kP9gSzcuIPHPsaIE=
github.com/mattn/go-colorable v0.1.14/go.mod h1:6LmQG8QLFO4G5z1gPvYEzlUgJ2wF+stgPZH1UqBm1s8=
github.com/mattn/go-isatty v0.0.20 h1:xfD0iDuEKnDkl03q4limB+vH+GxLEtL/jb4xVJSWWEY=
github.com/mattn/go-isatty v0.0.20/go.mod h1:W+V8PltTTMOvKvAeJH7IuucS94S2C6jfK/D7dTCTo3Y=
github.com/mdlayher/genetlink v1.3.2 h1:KdrNKe+CTu+IbZnm/GVUMXSqBBLqcGpRDa0xkQy56gw=
github.com/mdlayher/genetlink v1.3.2/go.mod h1:tcC3pkCrPUGIKKsCsp0B3AdaaKuHtaxoJRz3cc+528o=
github.com/mdlayher/netlink v1.8.0 h1:e7XNIYJKD7hUct3Px04RuIGJbBxy1/c4nX7D5YyvvlM=
github.com/mdlayher/netlink v1.8.0/go.mod h1:UhgKXUlDQhzb09DrCl2GuRNEglHmhYoWAHid9HK3594=
github.com/mdlayher/socket v0.5.1 h1:VZaqt6RkGkt2OE9l3GcC6nZkqD3xKeQLyfleW/uBcos=
github.com/mdlayher/socket v0.5.1/go.mod h1:TjPLHI1UgwEv5J1B5q0zTZq12A/6H7nKmtTanQE37IQ=
github.com/onsi/ginkgo/v2 v2.20.1 h1:YlVIbqct+ZmnEph770q9Q7NVAz4wwIiVNahee6JyUzo=
github.com/onsi/ginkgo/v2 v2.20.1/go.mod h1:lG9ey2Z29hR41WMVthyJBGUBcBhGOtoPF2VFMvBXFCI=
github.com/onsi/gomega v1.34.1 h1:EUMJIKUjM8sKjYbtxQI9A4z2o+rruxnzNvpknOXie6k=
github.com/onsi/gomega v1.34.1/go.mod h1:kU1QgUvBDLXBJq618Xvm2LUX6rSAfRaFRTcdOeDLwwY=
github.com/opencontainers/runtime-spec v1.2.1 h1:S4k4ryNgEpxW1dzyqffOmhI1BHYcjzU8lpJfSlR0xww=
github.com/opencontainers/runtime-spec v1.2.1/go.mod h1:jwyrGlmzljRJv/Fgzds9SsS/C5hL+LL3ko9hs6T5lQ0=
github.com/opencontainers/runtime-spec v1.3.0 h1:YZupQUdctfhpZy3TM39nN9Ika5CBWT5diQ8ibYCRkxg=
github.com/opencontainers/runtime-spec v1.3.0/go.mod h1:jwyrGlmzljRJv/Fgzds9SsS/C5hL+LL3ko9hs6T5lQ0=
github.com/petermattis/goid v0.0.0-20240813172612-4fcff4a6cae7 h1:Dx7Ovyv/SFnMFw3fD4oEoeorXc6saIiQ23LrGLth0Gw=
github.com/petermattis/goid v0.0.0-20240813172612-4fcff4a6cae7/go.mod h1:pxMtw7cyUw6B2bRH0ZBANSPg+AoSud1I1iyJHI69jH4=
github.com/pkg/browser v0.0.0-20240102092130-5ac0b6a4141c h1:+mdjkGKdHQG3305AYmdv1U2eRNDiU2ErMBj1gwrq8eQ=
github.com/pkg/browser v0.0.0-20240102092130-5ac0b6a4141c/go.mod h1:7rwL4CYBLnjLxUqIJNnCWiEdr3bn6IUYi15bNlnbCCU=
github.com/pkg/errors v0.9.1 h1:FEBLx1zS214owpjy7qsBeixbURkuhQAwrK5UwLGTwt4=
github.com/pkg/errors v0.9.1/go.mod h1:bwawxfHBFNV+L2hUp1rHADufV3IMtnDRdf1r5NINEl0=
github.com/planetscale/vtprotobuf v0.6.1-0.20241121165744-79df5c4772f2 h1:1sLMdKq4gNANTj0dUibycTLzpIEKVnLnbaEkxws78nw=
github.com/planetscale/vtprotobuf v0.6.1-0.20241121165744-79df5c4772f2/go.mod h1:t/avpk3KcrXxUnYOhZhMXJlSEyie6gQbtLq5NM3loB8=
github.com/planetscale/vtprotobuf v0.6.1-0.20250313105119-ba97887b0a25 h1:S1hI5JiKP7883xBzZAr1ydcxrKNSVNm7+3+JwjxZEsg=
github.com/planetscale/vtprotobuf v0.6.1-0.20250313105119-ba97887b0a25/go.mod h1:ZQntvDG8TkPgljxtA0R9frDoND4QORU1VXz015N5Ks4=
github.com/pmezard/go-difflib v1.0.0 h1:4DBwDE0NGyQoBHbLQYPwSUPoCMWR5BEzIk/f1lZbAQM=
github.com/pmezard/go-difflib v1.0.0/go.mod h1:iKH77koFhYxTK1pcRnkKkqfTogsbg7gZNVY4sRDYZ/4=
github.com/rogpeppe/go-internal v1.14.1 h1:UQB4HGPB6osV0SQTLymcB4TgvyWu6ZyliaW0tI/otEQ=
github.com/rogpeppe/go-internal v1.14.1/go.mod h1:MaRKkUm5W0goXpeCfT7UZI6fk/L7L7so1lCWt35ZSgc=
github.com/ryanuber/go-glob v1.0.0 h1:iQh3xXAumdQ+4Ufa5b25cRpC5TYKlno6hsv6Cb3pkBk=
github.com/ryanuber/go-glob v1.0.0/go.mod h1:807d1WSdnB0XRJzKNil9Om6lcp/3a0v4qIHxIXzX/Yc=
github.com/santhosh-tekuri/jsonschema/v5 v5.3.1 h1:lZUw3E0/J3roVtGQ+SCrUrg3ON6NgVqpn3+iol9aGu4=
github.com/santhosh-tekuri/jsonschema/v5 v5.3.1/go.mod h1:uToXkOrWAZ6/Oc07xWQrPOhJotwFIyu2bBVN41fcDUY=
github.com/santhosh-tekuri/jsonschema/v6 v6.0.2/go.mod h1:JXeL+ps8p7/KNMjDQk3TCwPpBy0wYklyWTfbkIzdIFU=
github.com/sasha-s/go-deadlock v0.3.5 h1:tNCOEEDG6tBqrNDOX35j/7hL5FcFViG6awUGROb2NsU=
github.com/sasha-s/go-deadlock v0.3.5/go.mod h1:bugP6EGbdGYObIlx7pUZtWqlvo8k9H6vCBBsiChJQ5U=
github.com/siderolabs/crypto v0.6.4 h1:uMoe/X/mABOv6yOgvKcjmjIMdv6U8JegBXlPKtyjn3g=
github.com/siderolabs/crypto v0.6.4/go.mod h1:39B7Mdrd8qTfEYOjsWPQOk7gLTWrEI30isAW+YYj9nk=
github.com/siderolabs/ethtool v0.4.0-sidero h1:Ls/M4bFUjfcB1RDVviPZlL3kWcXaEVVSbKke+EZ2A9U=
github.com/siderolabs/ethtool v0.4.0-sidero/go.mod h1:nOIR88fiFTdBfakYLEUAhxdy75Ih/fgnSlsSKAHRpfc=
github.com/siderolabs/gen v0.8.6 h1:pE6shuqov3L+5rEcAUJ/kY6iJofimljQw5G95P8a5c4=
github.com/siderolabs/gen v0.8.6/go.mod h1:J9IbusbES2W6QWjtSHpDV9iPGZHc978h1+KJ4oQRspQ=
github.com/siderolabs/go-api-signature v0.3.12 h1:i1X+kPh9fzo+lEjtEplZSbtq1p21vKv4FCWJcB/ozvk=
github.com/siderolabs/go-api-signature v0.3.12/go.mod h1:dPLiXohup4qHX7KUgF/wwOE3lRU5uAr3ssEomNxiyxY=
github.com/siderolabs/go-pointer v1.0.1 h1:f7Yi4IK1jptS8yrT9GEbwhmGcVxvPQgBUG/weH3V3DM=
github.com/siderolabs/go-pointer v1.0.1/go.mod h1:C8Q/3pNHT4RE9e4rYR9PHeS6KPMlStRBgYrJQJNy/vA=
github.com/siderolabs/go-retry v0.3.3 h1:zKV+S1vumtO72E6sYsLlmIdV/G/GcYSBLiEx/c9oCEg=
github.com/siderolabs/go-retry v0.3.3/go.mod h1:Ff/VGc7v7un4uQg3DybgrmOWHEmJ8BzZds/XNn/BqMI=
github.com/siderolabs/net v0.4.0 h1:1bOgVay/ijPkJz4qct98nHsiB/ysLQU0KLoBC4qLm7I=
github.com/siderolabs/net v0.4.0/go.mod h1:/ibG+Hm9HU27agp5r9Q3eZicEfjquzNzQNux5uEk0kM=
github.com/siderolabs/protoenc v0.2.4 h1:D3Fpn2nQSQOhl8ZlAxijZAf7K6F8CM1uZq0afIGsr8Q=
github.com/siderolabs/protoenc v0.2.4/go.mod h1:i5XLHjfv5vyi7LhQrSEo19HCA+lYtDd7CWxsoWp9XE8=
github.com/stoewer/go-strcase v1.3.0 h1:g0eASXYtp+yvN9fK8sH94oCIk0fau9uV1/ZdJ0AVEzs=
github.com/stoewer/go-strcase v1.3.0/go.mod h1:fAH5hQ5pehh+j3nZfvwdk2RgEgQjAoM8wodgtPmh1xo=
github.com/stretchr/objx v0.1.0/go.mod h1:HFkY916IF+rwdDfMAkV7OtwuqBVzrE8GR6GFx+wExME=
github.com/stretchr/objx v0.4.0/go.mod h1:YvHI0jy2hoMjB+UWwv71VJQ9isScKT/TqJzVSSt89Yw=
github.com/stretchr/objx v0.5.0/go.mod h1:Yh+to48EsGEfYuaHDzXPcE3xhTkx73EhmCGUpEOglKo=
github.com/stretchr/objx v0.5.2 h1:xuMeJ0Sdp5ZMRXx/aWO6RZxdr3beISkG5/G/aIRr3pY=
github.com/stretchr/objx v0.5.2/go.mod h1:FRsXN1f5AsAjCGJKqEizvkpNtU+EGNCLh3NxZ/8L+MA=
github.com/stretchr/testify v1.7.1/go.mod h1:6Fq8oRcR53rry900zMqJjRRixrwX3KX962/h/Wwjteg=
github.com/stretchr/testify v1.8.0/go.mod h1:yNjHg4UonilssWZ8iaSj1OCr/vHnekPRkoO+kdMU+MU=
github.com/stretchr/testify v1.8.1/go.mod h1:w2LPCIKwWwSfY2zedu0+kehJoqGctiVI29o6fzry7u4=
github.com/stretchr/testify v1.11.1 h1:7s2iGBzp5EwR7/aIZr8ao5+dra3wiQyKjjFuvgVKu7U=
github.com/stretchr/testify v1.11.1/go.mod h1:wZwfW3scLgRK+23gO65QZefKpKQRnfz6sD981Nm4B6U=
github.com/vishvananda/netns v0.0.4 h1:Oeaw1EM2JMxD51g9uhtC0D7erkIjgmj8+JZc26m1YX8=
github.com/vishvananda/netns v0.0.4/go.mod h1:SpkAiCQRtJ6TvvxPnOSyH3BMl6unz3xZlaprSwhNNJM=
github.com/yuin/goldmark v1.4.13/go.mod h1:6yULJ656Px+3vBD8DxQVa3kxgyrAnzto9xy5taEt/CY=
go.opentelemetry.io/auto/sdk v1.1.0 h1:cH53jehLUN6UFLY71z+NDOiNJqDdPRaXzTel0sJySYA=
go.opentelemetry.io/auto/sdk v1.1.0/go.mod h1:3wSPjt5PWp2RhlCcmmOial7AvC4DQqZb7a7wCow3W8A=
go.opentelemetry.io/otel v1.37.0 h1:9zhNfelUvx0KBfu/gb+ZgeAfAgtWrfHJZcAqFC228wQ=
go.opentelemetry.io/otel v1.37.0/go.mod h1:ehE/umFRLnuLa/vSccNq9oS1ErUlkkK71gMcN34UG8I=
go.opentelemetry.io/otel/metric v1.37.0 h1:mvwbQS5m0tbmqML4NqK+e3aDiO02vsf/WgbsdpcPoZE=
go.opentelemetry.io/otel/metric v1.37.0/go.mod h1:04wGrZurHYKOc+RKeye86GwKiTb9FKm1WHtO+4EVr2E=
go.opentelemetry.io/otel/sdk v1.37.0 h1:ItB0QUqnjesGRvNcmAcU0LyvkVyGJ2xftD29bWdDvKI=
go.opentelemetry.io/otel/sdk v1.37.0/go.mod h1:VredYzxUvuo2q3WRcDnKDjbdvmO0sCzOvVAiY+yUkAg=
go.opentelemetry.io/otel/sdk/metric v1.37.0 h1:90lI228XrB9jCMuSdA0673aubgRobVZFhbjxHHspCPc=
go.opentelemetry.io/otel/sdk/metric v1.37.0/go.mod h1:cNen4ZWfiD37l5NhS+Keb5RXVWZWpRE+9WyVCpbo5ps=
go.opentelemetry.io/otel/trace v1.37.0 h1:HLdcFNbRQBE2imdSEgm/kwqmQj1Or1l/7bW6mxVK7z4=
go.opentelemetry.io/otel/trace v1.37.0/go.mod h1:TlgrlQ+PtQO5XFerSPUYG0JSgGyryXewPGyayAWSBS0=
go.uber.org/goleak v1.3.0 h1:2K3zAYmnTNqV73imy9J1T3WC+gmCePx2hEGkimedGto=
go.uber.org/goleak v1.3.0/go.mod h1:CoHD4mav9JJNrW/WLlf7HGZPjdw8EucARQHekz1X6bE=
go.uber.org/multierr v1.11.0 h1:blXXJkSxSSfBVBlC76pxqeO+LN3aDfLQo+309xJstO0=
go.uber.org/multierr v1.11.0/go.mod h1:20+QtiLqy0Nd6FdQB9TLXag12DsQkrbs3htMFfDN80Y=
go.uber.org/zap v1.27.0 h1:aJMhYGrd5QSmlpLMr2MftRKl7t8J8PTZPA732ud/XR8=
go.uber.org/zap v1.27.0/go.mod h1:GB2qFLM7cTU87MWRP2mPIjqfIDnGu+VIO4V/SdhGo2E=
go.yaml.in/yaml/v4 v4.0.0-rc.3 h1:3h1fjsh1CTAPjW7q/EMe+C8shx5d8ctzZTrLcs/j8Go=
go.yaml.in/yaml/v4 v4.0.0-rc.3/go.mod h1:aZqd9kCMsGL7AuUv/m/PvWLdg5sjJsZ4oHDEnfPPfY0=
golang.org/x/crypto v0.0.0-20190308221718-c2843e01d9a2/go.mod h1:djNgcEr1/C05ACkg1iLfiJU5Ep61QUkGW8qpdssI0+w=
golang.org/x/crypto v0.0.0-20210921155107-089bfa567519/go.mod h1:GvvjBRRGRdwPK5ydBHafDWAxML/pGHZbMvKqRZ5+Abc=
golang.org/x/crypto v0.44.0 h1:A97SsFvM3AIwEEmTBiaxPPTYpDC47w720rdiiUvgoAU=
golang.org/x/crypto v0.44.0/go.mod h1:013i+Nw79BMiQiMsOPcVCB5ZIJbYkerPrGnOa00tvmc=
golang.org/x/crypto v0.46.0 h1:cKRW/pmt1pKAfetfu+RCEvjvZkA9RimPbh7bhFjGVBU=
golang.org/x/crypto v0.46.0/go.mod h1:Evb/oLKmMraqjZ2iQTwDwvCtJkczlDuTmdJXoZVzqU0=
golang.org/x/exp v0.0.0-20250128182459-e0ece0dbea4c h1:KL/ZBHXgKGVmuZBZ01Lt57yE5ws8ZPSkkihmEyq7FXc=
golang.org/x/exp v0.0.0-20250128182459-e0ece0dbea4c/go.mod h1:tujkw807nyEEAamNbDrEGzRav+ilXA7PCRAd6xsmwiU=
golang.org/x/mod v0.6.0-dev.0.20220419223038-86c51ed26bb4/go.mod h1:jJ57K6gSWd91VN4djpZkiMVwK6gcyfeH4XE8wZrZaV4=
golang.org/x/mod v0.8.0/go.mod h1:iBbtSCu2XBx23ZKBPSOrRkjjQPZFPuis4dIYUhu/chs=
golang.org/x/net v0.0.0-20190620200207-3b0461eec859/go.mod h1:z5CRVTTTmAJ677TzLLGU+0bjPO0LkuOLi4/5GtJWs/s=
golang.org/x/net v0.0.0-20210226172049-e18ecbb05110/go.mod h1:m0MpNAwzfU5UDzcl9v0D8zg8gWTRqZa9RBIspLL5mdg=
golang.org/x/net v0.0.0-20220722155237-a158d28d115b/go.mod h1:XRhObCWvk6IyKnWLug+ECip1KBveYUHfp+8e9klMJ9c=
golang.org/x/net v0.6.0/go.mod h1:2Tu9+aMcznHK/AK1HMvgo6xiTLG5rD5rZLDS+rp2Bjs=
golang.org/x/net v0.47.0 h1:Mx+4dIFzqraBXUugkia1OOvlD6LemFo1ALMHjrXDOhY=
golang.org/x/net v0.47.0/go.mod h1:/jNxtkgq5yWUGYkaZGqo27cfGZ1c5Nen03aYrrKpVRU=
golang.org/x/net v0.48.0 h1:zyQRTTrjc33Lhh0fBgT/H3oZq9WuvRR5gPC70xpDiQU=
golang.org/x/net v0.48.0/go.mod h1:+ndRgGjkh8FGtu1w1FGbEC31if4VrNVMuKTgcAAnQRY=
golang.org/x/sync v0.0.0-20190423024810-112230192c58/go.mod h1:RxMgew5VJxzue5/jJTE5uejpjVlOe/izrB70Jof72aM=
golang.org/x/sync v0.0.0-20220722155255-886fb9371eb4/go.mod h1:RxMgew5VJxzue5/jJTE5uejpjVlOe/izrB70Jof72aM=
golang.org/x/sync v0.1.0/go.mod h1:RxMgew5VJxzue5/jJTE5uejpjVlOe/izrB70Jof72aM=
golang.org/x/sync v0.18.0 h1:kr88TuHDroi+UVf+0hZnirlk8o8T+4MrK6mr60WkH/I=
golang.org/x/sync v0.18.0/go.mod h1:9KTHXmSnoGruLpwFjVSX0lNNA75CykiMECbovNTZqGI=
golang.org/x/sync v0.19.0 h1:vV+1eWNmZ5geRlYjzm2adRgW2/mcpevXNg50YZtPCE4=
golang.org/x/sync v0.19.0/go.mod h1:9KTHXmSnoGruLpwFjVSX0lNNA75CykiMECbovNTZqGI=
golang.org/x/sys v0.0.0-20190215142949-d0b11bdaac8a/go.mod h1:STP8DvDyc/dI5b8T5hshtkjS+E42TnysNCUPdjciGhY=
golang.org/x/sys v0.0.0-20201119102817-f84b799fce68/go.mod h1:h1NjWce9XRLGQEsW7wpKNCjG9DtNlClVuFLEZdDNbEs=
golang.org/x/sys v0.0.0-20210615035016-665e8c7367d1/go.mod h1:oPkhp1MJrh7nUepCBck5+mAzfO9JrbApNNgaTdGDITg=
golang.org/x/sys v0.0.0-20220520151302-bc2c85ada10a/go.mod h1:oPkhp1MJrh7nUepCBck5+mAzfO9JrbApNNgaTdGDITg=
golang.org/x/sys v0.0.0-20220722155257-8c9f86f7a55f/go.mod h1:oPkhp1MJrh7nUepCBck5+mAzfO9JrbApNNgaTdGDITg=
golang.org/x/sys v0.1.0/go.mod h1:oPkhp1MJrh7nUepCBck5+mAzfO9JrbApNNgaTdGDITg=
golang.org/x/sys v0.5.0/go.mod h1:oPkhp1MJrh7nUepCBck5+mAzfO9JrbApNNgaTdGDITg=
golang.org/x/sys v0.6.0/go.mod h1:oPkhp1MJrh7nUepCBck5+mAzfO9JrbApNNgaTdGDITg=
golang.org/x/sys v0.38.0 h1:3yZWxaJjBmCWXqhN1qh02AkOnCQ1poK6oF+a7xWL6Gc=
golang.org/x/sys v0.38.0/go.mod h1:OgkHotnGiDImocRcuBABYBEXf8A9a87e/uXjp9XT3ks=
golang.org/x/sys v0.39.0 h1:CvCKL8MeisomCi6qNZ+wbb0DN9E5AATixKsvNtMoMFk=
golang.org/x/sys v0.39.0/go.mod h1:OgkHotnGiDImocRcuBABYBEXf8A9a87e/uXjp9XT3ks=
golang.org/x/term v0.0.0-20201126162022-7de9c90e9dd1/go.mod h1:bj7SfCRtBDWHUb9snDiAeCFNEtKQo2Wmx5Cou7ajbmo=
golang.org/x/term v0.0.0-20210927222741-03fcf44c2211/go.mod h1:jbD1KX2456YbFQfuXm/mYQcufACuNUgVhRMnK/tPxf8=
golang.org/x/term v0.5.0/go.mod h1:jMB1sMXY+tzblOD4FWmEbocvup2/aLOaQEp7JmGp78k=
golang.org/x/text v0.3.0/go.mod h1:NqM8EUOU14njkJ3fqMW+pc6Ldnwhi/IjpwHt7yyuwOQ=
golang.org/x/text v0.3.3/go.mod h1:5Zoc/QRtKVWzQhOtBMvqHzDpF6irO9z98xDceosuGiQ=
golang.org/x/text v0.3.7/go.mod h1:u+2+/6zg+i71rQMx5EYifcz6MCKuco9NR6JIITiCfzQ=
golang.org/x/text v0.7.0/go.mod h1:mrYo+phRRbMaCq/xk9113O4dZlRixOauAjOtrjsXDZ8=
golang.org/x/text v0.8.0/go.mod h1:e1OnstbJyHTd6l/uOt8jFFHp6TRDWZR/bV3emEE/zU8=
golang.org/x/text v0.31.0 h1:aC8ghyu4JhP8VojJ2lEHBnochRno1sgL6nEi9WGFGMM=
golang.org/x/text v0.31.0/go.mod h1:tKRAlv61yKIjGGHX/4tP1LTbc13YSec1pxVEWXzfoeM=
golang.org/x/text v0.32.0 h1:ZD01bjUt1FQ9WJ0ClOL5vxgxOI/sVCNgX1YtKwcY0mU=
golang.org/x/text v0.32.0/go.mod h1:o/rUWzghvpD5TXrTIBuJU77MTaN0ljMWE47kxGJQ7jY=
golang.org/x/time v0.14.0 h1:MRx4UaLrDotUKUdCIqzPC48t1Y9hANFKIRpNx+Te8PI=
golang.org/x/time v0.14.0/go.mod h1:eL/Oa2bBBK0TkX57Fyni+NgnyQQN4LitPmob2Hjnqw4=
golang.org/x/tools v0.0.0-20180917221912-90fa682c2a6e/go.mod h1:n7NCudcB/nEzxVGmLbDWY5pfWTLqBcC2KZ6jyYvM4mQ=
golang.org/x/tools v0.0.0-20191119224855-298f0cb1881e/go.mod h1:b+2E5dAYhXwXZwtnZ6UAqBI28+e2cm9otk0dWdXHAEo=
golang.org/x/tools v0.1.12/go.mod h1:hNGJHUnrk76NpqgfD5Aqm5Crs+Hm0VOH/i9J2+nxYbc=
golang.org/x/tools v0.6.0/go.mod h1:Xwgl3UAJ/d3gWutnCtw505GrjyAbvKui8lOU390QaIU=
golang.org/x/tools v0.38.0 h1:Hx2Xv8hISq8Lm16jvBZ2VQf+RLmbd7wVUsALibYI/IQ=
golang.org/x/tools v0.38.0/go.mod h1:yEsQ/d/YK8cjh0L6rZlY8tgtlKiBNTL14pGDJPJpYQs=
golang.org/x/xerrors v0.0.0-20190717185122-a985d3407aa7/go.mod h1:I/5z698sn9Ka8TeJc9MKroUUfqBBauWjQqLJ2OPfmY0=
gonum.org/v1/gonum v0.16.0 h1:5+ul4Swaf3ESvrOnidPp4GZbzf0mxVQpDCYUQE7OJfk=
gonum.org/v1/gonum v0.16.0/go.mod h1:fef3am4MQ93R2HHpKnLk4/Tbh/s0+wqD5nfa6Pnwy4E=
google.golang.org/genproto/googleapis/api v0.0.0-20251111163417-95abcf5c77ba h1:B14OtaXuMaCQsl2deSvNkyPKIzq3BjfxQp8d00QyWx4=
google.golang.org/genproto/googleapis/api v0.0.0-20251111163417-95abcf5c77ba/go.mod h1:G5IanEx8/PgI9w6CFcYQf7jMtHQhZruvfM1i3qOqk5U=
google.golang.org/genproto/googleapis/api v0.0.0-20251213004720-97cd9d5aeac2 h1:7LRqPCEdE4TP4/9psdaB7F2nhZFfBiGJomA5sojLWdU=
google.golang.org/genproto/googleapis/api v0.0.0-20251213004720-97cd9d5aeac2/go.mod h1:+rXWjjaukWZun3mLfjmVnQi18E1AsFbDN9QdJ5YXLto=
google.golang.org/genproto/googleapis/rpc v0.0.0-20251111163417-95abcf5c77ba h1:UKgtfRM7Yh93Sya0Fo8ZzhDP4qBckrrxEr2oF5UIVb8=
google.golang.org/genproto/googleapis/rpc v0.0.0-20251111163417-95abcf5c77ba/go.mod h1:7i2o+ce6H/6BluujYR+kqX3GKH+dChPTQU19wjRPiGk=
google.golang.org/genproto/googleapis/rpc v0.0.0-20251213004720-97cd9d5aeac2 h1:2I6GHUeJ/4shcDpoUlLs/2WPnhg7yJwvXtqcMJt9liA=
google.golang.org/genproto/googleapis/rpc v0.0.0-20251213004720-97cd9d5aeac2/go.mod h1:7i2o+ce6H/6BluujYR+kqX3GKH+dChPTQU19wjRPiGk=
google.golang.org/grpc v1.76.0 h1:UnVkv1+uMLYXoIz6o7chp59WfQUYA2ex/BXQ9rHZu7A=
google.golang.org/grpc v1.76.0/go.mod h1:Ju12QI8M6iQJtbcsV+awF5a4hfJMLi4X0JLo94ULZ6c=
google.golang.org/grpc v1.77.0 h1:wVVY6/8cGA6vvffn+wWK5ToddbgdU3d8MNENr4evgXM=
google.golang.org/grpc v1.77.0/go.mod h1:z0BY1iVj0q8E1uSQCjL9cppRj+gnZjzDnzV0dHhrNig=
google.golang.org/protobuf v1.36.10 h1:AYd7cD/uASjIL6Q9LiTjz8JLcrh/88q5UObnmY3aOOE=
google.golang.org/protobuf v1.36.10/go.mod h1:HTf+CrKn2C3g5S8VImy6tdcUvCska2kB7j23XfzDpco=
google.golang.org/protobuf v1.36.11 h1:fV6ZwhNocDyBLK0dj+fg8ektcVegBBuEolpbTQyBNVE=
google.golang.org/protobuf v1.36.11/go.mod h1:HTf+CrKn2C3g5S8VImy6tdcUvCska2kB7j23XfzDpco=
gopkg.in/check.v1 v0.0.0-20161208181325-20d25e280405/go.mod h1:Co6ibVJAznAaIkqp8huTwlJQCZ016jof/cbN4VW5Yz0=
gopkg.in/check.v1 v1.0.0-20201130134442-10cb98267c6c h1:Hei/4ADfdWqJk1ZMxUNpqntNwaWcugrBjAiHlqqRiVk=
gopkg.in/check.v1 v1.0.0-20201130134442-10cb98267c6c/go.mod h1:JHkPIbrfpd72SG/EVd6muEfDQjcINNoR0C8j2r3qZ4Q=
gopkg.in/yaml.v2 v2.4.0 h1:D8xgwECY7CYvx+Y2n4sBz93Jn9JRvxdiyyo8CTfuKaY=
gopkg.in/yaml.v2 v2.4.0/go.mod h1:RDklbk79AGWmwhnvt/jBztapEOGDOx6ZbXqjP6csGnQ=
gopkg.in/yaml.v3 v3.0.0-20200313102051-9f266ea9e77c/go.mod h1:K4uyk7z7BCEPqu6E+C64Yfv1cQ7kz7rIZviUmN+EgEM=
gopkg.in/yaml.v3 v3.0.1 h1:fxVm/GzAzEWqLHuvctI91KS9hhNmmWOoWu0XTYJS7CA=
gopkg.in/yaml.v3 v3.0.1/go.mod h1:K4uyk7z7BCEPqu6E+C64Yfv1cQ7kz7rIZviUmN+EgEM=
