github.com/cpuguy83/go-md2man/v2 v2.0.6/go.mod h1:oOW0eioCTA6cOiMLiUPZOpcVxMig6NIQQ7OS05n1F4g=
github.com/fatih/structtag v1.2.0 h1:/OdNE99OxoI/PqaW/SuSK9uxxT3f/tcSZgon/ssNSx4=
github.com/fatih/structtag v1.2.0/go.mod h1:mBJUNpUnHmRKrKlQQlmCrh5PuhftFbNv8Ys4/aAZl94=
github.com/google/go-cmp v0.6.0 h1:ofyhxvXcZhMsU5ulbFiLKl/XBFqE1GSq7atu8tAmTRI=
github.com/google/go-cmp v0.6.0/go.mod h1:17dUlkBOakJ0+DkrSSNjCkIjxS6bF9zb3elmeNGIjoY=
github.com/inconshreveable/mousetrap v1.1.0 h1:wN+x4NVGpMsO7ErUn/mUI3vEoE6Jt13X2s0bqwp9tc8=
github.com/inconshreveable/mousetrap v1.1.0/go.mod h1:vpF70FUmC8bwa3OWnCshd2FqLfsEA9PFc4w1p2J65bw=
github.com/russross/blackfriday/v2 v2.1.0/go.mod h1:+Rmxgy9KzJVeS9/2gXHxylqXiyQDYRxCVz55jmeOWTM=
github.com/spf13/cobra v1.10.0 h1:a5/WeUlSDCvV5a45ljW2ZFtV0bTDpkfSAj3uqB6Sc+0=
github.com/spf13/cobra v1.10.0/go.mod h1:9dhySC7dnTtEiqzmqfkLj47BslqLCUPMXjG2lj/NgoE=
github.com/spf13/pflag v1.0.8 h1:/v546uKZ4gFGHpyXvV6CNKDeJBu4l5PRvxwQvdWrc0I=
github.com/spf13/pflag v1.0.8/go.mod h1:McXfInJRrz4CZXVZOBLb0bTZqETkiAhM9Iw0y3An2Bg=
golang.org/x/mod v0.27.0 h1:kb+q2PyFnEADO2IEF935ehFUXlWiNjJWtRNgBLSfbxQ=
golang.org/x/mod v0.27.0/go.mod h1:rWI627Fq0DEoudcK+MBkNkCe0EetEaDSwJJkCcjpazc=
golang.org/x/sync v0.16.0 h1:ycBJEhp9p4vXvUZNszeOq0kGTPghopOL8q0fq3vstxw=
golang.org/x/sync v0.16.0/go.mod h1:1dzgHSNfp02xaA81J2MS99Qcpr2w7fw1gpm99rleRqA=
golang.org/x/tools v0.36.0 h1:kWS0uv/zsvHEle1LbV5LE8QujrxB3wfQyxHfhOk0Qkg=
golang.org/x/tools v0.36.0/go.mod h1:WBDiHKJK8YgLHlcQPYQzNCkUxUypCaa5ZegCVutKm+s=
gopkg.in/check.v1 v0.0.0-20161208181325-20d25e280405/go.mod h1:Co6ibVJAznAaIkqp8huTwlJQCZ016jof/cbN4VW5Yz0=
gopkg.in/typ.v4 v4.4.0 h1:O9vTueEmZd0iA9DF+g2wXeNCeloN2TOpxu6FXKl3AqM=
gopkg.in/typ.v4 v4.4.0/go.mod h1:wolXe8DlewxRCjA7SOiT3zjrZ0eQJZcr8cmV6bQWJUM=
gopkg.in/yaml.v3 v3.0.1/go.mod h1:K4uyk7z7BCEPqu6E+C64Yfv1cQ7kz7rIZviUmN+EgEM=
