cel.dev/expr v0.25.2 h1:K6j46C81hXtZQfuX60cVWQFBJahKSE2gfRbNuvr5bFs=
cel.dev/expr v0.25.2/go.mod h1:hrXvqGP6G6gyx8UAHSHJ5RGk//1Oj5nXQ2NI02Nrsg4=
cloud.google.com/go v0.123.0 h1:2NAUJwPR47q+E35uaJeYoNhuNEM9kM8SjgRgdeOJUSE=
cloud.google.com/go v0.123.0/go.mod h1:xBoMV08QcqUGuPW65Qfm1o9Y4zKZBpGS+7bImXLTAZU=
cloud.google.com/go/auth v0.22.0 h1:Xp9wAKkLoeaYb5pYZZoQGz4E9sdPxIbzS3gywZE3ciQ=
cloud.google.com/go/auth v0.22.0/go.mod h1:M9o2Oz+YI2jAfxewJgb1vyI3vceHF+eohmxyzmrl+9s=
cloud.google.com/go/auth v0.23.0 h1:6Gg1CMgpgubRG7DGz5Vf1pcoNo8RfiRiRAPS4crTp54=
cloud.google.com/go/auth v0.23.0/go.mod h1:4DhBRcqvtljQN3dJ57qtqbib5ZGCYE5f2crfiiC2EM0=
cloud.google.com/go/auth/oauth2adapt v0.2.8 h1:keo8NaayQZ6wimpNSmW5OPc283g65QNIiLpZnkHRbnc=
cloud.google.com/go/auth/oauth2adapt v0.2.8/go.mod h1:XQ9y31RkqZCcwJWNSx2Xvric3RrU88hAYYbjDWYDL+c=
cloud.google.com/go/compute/metadata v0.9.0 h1:pDUj4QMoPejqq20dK0Pg2N4yG9zIkYGdBtwLoEkH9Zs=
cloud.google.com/go/compute/metadata v0.9.0/go.mod h1:E0bWwX5wTnLPedCKqk3pJmVgCBSM6qQI1yTBdEb3C10=
cloud.google.com/go/iam v1.12.0 h1:Aki3bX9aHUDKPHfnRJfDcTdVedvy6quGBQcTqx3DRXk=
cloud.google.com/go/iam v1.12.0/go.mod h1:FEZ4lXpADAC2AIpQY7LANNjjwyQ2jK439CI2VaD+sLY=
cloud.google.com/go/logging v1.18.0 h1:KhzZq+1cSkPH9YUaKLLhLtQxIHitVayBmk0sGfoM9+k=
cloud.google.com/go/logging v1.18.0/go.mod h1:ZGKnpBaURITh+g/uom2VhbiFoFWvejcrHPDhxFtU/gI=
cloud.google.com/go/longrunning v1.2.0 h1:WjYH3YHBGCxGJP9M4dWGHBfXr/cFIjMkNgWcJj7/iMM=
cloud.google.com/go/longrunning v1.2.0/go.mod h1:5KMQALFGOCtFoi2xSOA1u3H7WKlhmckgiyFw7+LGQp0=
cloud.google.com/go/monitoring v1.30.0 h1:r/d+JUbyKmJ8b07iznuKfzVzrIXTWxHQ3lBRm3x2LlY=
cloud.google.com/go/monitoring v1.30.0/go.mod h1:htlUR0QWVMrjFzZmN4LGnMAve9xB/eduwjmINxVZ8RM=
cloud.google.com/go/storage v1.64.0 h1:KLpxI/oX9LxeRsNqn877d2WyeT3ryiEwnGt8pwcSPZg=
cloud.google.com/go/storage v1.64.0/go.mod h1:lWyAtwvDZHdL3k68WVKbESP6bmWaV23ZJJ/JEVw/ZaQ=
cloud.google.com/go/trace v1.16.0 h1:GmQovzFc5F0CNfl0VLgL64aoTtu7xsM0YajW2GlG9+E=
cloud.google.com/go/trace v1.16.0/go.mod h1:r+bdAn16dKLSV1G2D5v3e58IlQlizfxWrUfjx7kM7X0=
github.com/GoogleCloudPlatform/opentelemetry-operations-go/detectors/gcp v1.34.0 h1:yzIYdwuro811Z27D3T80Wkd3rqZzb0K43nner7Eh1yE=
github.com/GoogleCloudPlatform/opentelemetry-operations-go/detectors/gcp v1.34.0/go.mod h1:pJTkW8hEUIIi3Pf65lPZOnn4Y81yCllX6IWk2jNXdkM=
github.com/GoogleCloudPlatform/opentelemetry-operations-go/exporter/metric v0.58.0 h1:ZYGajzJNcirVZpT1rltgf9iM+j9zZ4v8V9DrF+xKRJ8=
github.com/GoogleCloudPlatform/opentelemetry-operations-go/exporter/metric v0.58.0/go.mod h1:PDQyYBOzGtQgvshQI//UiXyzuMHCz0ndyu+4W8X82vM=
github.com/GoogleCloudPlatform/opentelemetry-operations-go/internal/cloudmock v0.58.0 h1:IBF8BbhKJkMsON/eY+LMu3aF3XMiotCb9KvkUmEkOJo=
github.com/GoogleCloudPlatform/opentelemetry-operations-go/internal/cloudmock v0.58.0/go.mod h1:dzcEjy1WJ0Q4u9twNR3LcLhNoYMRCrMCMafpxa0TjPQ=
github.com/GoogleCloudPlatform/opentelemetry-operations-go/internal/resourcemapping v0.58.0 h1:SBZzZCiPmDrUV7NSCWY54OnKikO/oTydPCvyEyYaDDE=
github.com/GoogleCloudPlatform/opentelemetry-operations-go/internal/resourcemapping v0.58.0/go.mod h1:YqwkQPrWSC7+byyc1VlKbWLBF5JsW5IoL6xUkemYSXk=
github.com/aws/aws-sdk-go-v2 v1.43.4 h1:b9FTvbRwy+JCsfp2Wp6wV/KbOx3Aj7nkoFb2cRX0IhE=
github.com/aws/aws-sdk-go-v2 v1.43.4/go.mod h1:70vwSy16txshwG+g55WkpgPKDIByzHI8ccBsOteo3bQ=
github.com/aws/aws-sdk-go-v2 v1.43.5 h1:yKT5GYnFWhuDo+DqKvE5ZPwVn3RjC4MAeBtZGlh6AVM=
github.com/aws/aws-sdk-go-v2 v1.43.5/go.mod h1:wZjAJppCntyOGgVSmgVTfDyRJK5PHOasO6Wsy8U7Axk=
github.com/aws/aws-sdk-go-v2/aws/protocol/eventstream v1.7.16 h1:aiuaKlDweRC5qExJondpWjOgyzMHpofpwspGXUtwn4c=
github.com/aws/aws-sdk-go-v2/aws/protocol/eventstream v1.7.16/go.mod h1:nG/LOlmox9BDe9HvQnXWzgcK8uKbgBMZ/Hp5pVt/21I=
github.com/aws/aws-sdk-go-v2/aws/protocol/eventstream v1.7.17 h1:mn+Vxb9zgz/FE/yDTcFim3DZ1qpcrxR+qBQkBrl6bzA=
github.com/aws/aws-sdk-go-v2/aws/protocol/eventstream v1.7.17/go.mod h1:eDfmEFxu+BSVsUGLbzJhWjpOurv1mqczClS97yI8wdk=
github.com/aws/aws-sdk-go-v2/config v1.32.35 h1:UEzXuET8E42lxBPijuACu/tEK7v5lFPlk0Q+GT5WD9E=
github.com/aws/aws-sdk-go-v2/config v1.32.35/go.mod h1:KaMtJpFa2JlL2BStjjHQVwQpzZEmw+ND/EgVrfFoo2g=
github.com/aws/aws-sdk-go-v2/config v1.32.36 h1:mX6ietU7UlB4w/2IUaexJdsyUDvhTd+jYPjVePiyi6s=
github.com/aws/aws-sdk-go-v2/config v1.32.36/go.mod h1:rMpV4xk7ZK59edraSaHP0jsWrztWTT5tbCwWY495hug=
github.com/aws/aws-sdk-go-v2/credentials v1.19.34 h1:y6GkSmcv5myd1ngrYbGmiLlwQqB6TQhOuN/tbSSuWDY=
github.com/aws/aws-sdk-go-v2/credentials v1.19.34/go.mod h1:w3dTcnDVoQIewjo7JG45hduAToikiIFLC4FIO7fndvw=
github.com/aws/aws-sdk-go-v2/credentials v1.19.35 h1:Cxua2RVdRwL0sfjHM/SnQoOnQ7xKng9m5EQBO8BnZlg=
github.com/aws/aws-sdk-go-v2/credentials v1.19.35/go.mod h1:9XQ+RSIGPkycr+oCJYnB1uTv5kMVVR+rd2vYK0Hxj2w=
github.com/aws/aws-sdk-go-v2/feature/ec2/imds v1.18.35 h1:+S7kbJoLDDQ5tE+lHrUBgMkzC8NLgsaioS2F3dVoFAE=
github.com/aws/aws-sdk-go-v2/feature/ec2/imds v1.18.35/go.mod h1:Ak7xXviIARfFdNUJ9Etb0bdVDt/KAvKjMGJVLWXDzik=
github.com/aws/aws-sdk-go-v2/feature/ec2/imds v1.18.36 h1:gucL1KH/PAYbpTpBg09CiVpBdTu4qkCl8C7xOTBixUg=
github.com/aws/aws-sdk-go-v2/feature/ec2/imds v1.18.36/go.mod h1:usTB+PHhNMhrx2dxUeHcM7OrT5pySvmjYI++IsefPN0=
github.com/aws/aws-sdk-go-v2/feature/s3/transfermanager v0.3.10 h1:HTlKXO5sYRzuhg9HjcxoH1U5RQrNQVrUSMckJv8OMr4=
github.com/aws/aws-sdk-go-v2/feature/s3/transfermanager v0.3.10/go.mod h1:FfSlIcbXD1TwObBVUAJtPWV9YAu2moXHaK6pgDXuJW8=
github.com/aws/aws-sdk-go-v2/feature/s3/transfermanager v0.3.11 h1:eBXB8KZgzQ8A9QB4iJS4aw/u6+4OY3i2hQXPABeAIOg=
github.com/aws/aws-sdk-go-v2/feature/s3/transfermanager v0.3.11/go.mod h1:N9+5pG27Fy61GUL5YXVLXDTLmUudMrgwsuDbgBMNLxQ=
github.com/aws/aws-sdk-go-v2/feature/s3/transfermanager v0.3.12 h1:yIZV4/Eg+W8AN0MaI+PshJQ0sfsv6Hgsos6WmaojzFk=
github.com/aws/aws-sdk-go-v2/feature/s3/transfermanager v0.3.12/go.mod h1:lBJJRVakFaZwpIFvzSBKcLkLCki8jg086seIleOq8Ic=
github.com/aws/aws-sdk-go-v2/internal/configsources v1.4.35 h1:kzVuGlatQtYinwBJEEyLAbggepCoavosiaHHX9+fD+c=
github.com/aws/aws-sdk-go-v2/internal/configsources v1.4.35/go.mod h1:0yLx0yEI+SfqeJMPvOtIEFoZbiQYXMGszBueiutQyaI=
github.com/aws/aws-sdk-go-v2/internal/configsources v1.4.36 h1:5CrzwxDqf4w3x1Vs3/NiZ0nsC34Hbm3pIDMWbsLebOE=
github.com/aws/aws-sdk-go-v2/internal/configsources v1.4.36/go.mod h1:A3gHdKZIvG/QXERzZwcxNS3RNDFcRCuhhTFBYp+V/nw=
github.com/aws/aws-sdk-go-v2/internal/endpoints/v2 v2.7.35 h1:WK6CjihTuLisCjSKKbildJ79sGZZgbBz3iNa7VsKIhU=
github.com/aws/aws-sdk-go-v2/internal/endpoints/v2 v2.7.35/go.mod h1:KYleN57luLoe97R7vTnx8PMcVrr9gAcRECtOjl91DNg=
github.com/aws/aws-sdk-go-v2/internal/endpoints/v2 v2.7.36 h1:A4N2f4YPcST0v+dWtX+xrpPPCL9VTBhoIFFUWYqbacE=
github.com/aws/aws-sdk-go-v2/internal/endpoints/v2 v2.7.36/go.mod h1:B/Qr859uxWUEfZeGotK5KAEoof4Q9YWgNtPSwV6jcyk=
github.com/aws/aws-sdk-go-v2/internal/v4a v1.4.36 h1:jbGY4CXLzZElOXgGsexlC3Hi+3YM0rSmk4opFXKqg/k=
github.com/aws/aws-sdk-go-v2/internal/v4a v1.4.36/go.mod h1:uBu/9aKsS/UQGc72RAt3y54kjgYQxmhut8ZD2dXCDNE=
github.com/aws/aws-sdk-go-v2/internal/v4a v1.4.37 h1:oyd3ke4V9AhKcRR7rRgxk1VyI+DjK2CBQtbxh3OkdaA=
github.com/aws/aws-sdk-go-v2/internal/v4a v1.4.37/go.mod h1:aA9D7SqfG9IC1b7FLD7Iyc8Q4JN0a8gHhNjN4zPlIaI=
github.com/aws/aws-sdk-go-v2/service/ec2 v1.319.1 h1:+czrxOpRRTbqtD3hRk+eDohm4TBBfCLnz5iKs9zBDSg=
github.com/aws/aws-sdk-go-v2/service/ec2 v1.319.1/go.mod h1:Gi5mEHpABbT34fHwafgyxqrIte9oHUEHscusPBYEdHA=
github.com/aws/aws-sdk-go-v2/service/ec2 v1.321.0 h1:XxzwotCCRk2Un1OWcJujk4vAC2OZkGh5l816W1w+Fd8=
github.com/aws/aws-sdk-go-v2/service/ec2 v1.321.0/go.mod h1:Gi5mEHpABbT34fHwafgyxqrIte9oHUEHscusPBYEdHA=
github.com/aws/aws-sdk-go-v2/service/ec2 v1.321.1 h1:rywWzHJUn9975OI1crMvzPzCPnwm1n5yVmU0HDc/izE=
github.com/aws/aws-sdk-go-v2/service/ec2 v1.321.1/go.mod h1:r6DvSY3Gc51qW84EFQ175rEriqyz9cIOU9zxAGSnb7A=
github.com/aws/aws-sdk-go-v2/service/internal/accept-encoding v1.13.15 h1:JJLBQxwY+AFwuPAi5ivGc1ChnTdUt4cXMv7e76m2c/Y=
github.com/aws/aws-sdk-go-v2/service/internal/accept-encoding v1.13.15/go.mod h1:lQknBIe78MVL0cQOQDlag8KGflMbMEVFx9mB6O8ENvk=
github.com/aws/aws-sdk-go-v2/service/internal/accept-encoding v1.13.16 h1:iE4NGbvqUZnHDqddQAauZzCILYtFjOHwRM5MOOKLB5A=
github.com/aws/aws-sdk-go-v2/service/internal/accept-encoding v1.13.16/go.mod h1:VsjEgrP+ibcou8TlWA4tYaB+0OojuhirsmCe+U60hTA=
github.com/aws/aws-sdk-go-v2/service/internal/checksum v1.9.28 h1:Q1TF1J9jVD+vFo0LzNnmNdQ9EAt52TS+MQlq9Ir+Yxo=
github.com/aws/aws-sdk-go-v2/service/internal/checksum v1.9.28/go.mod h1:4KqXXC/p1hrotmouDFbrRoWaLy962b9PMUReCG6+uWo=
github.com/aws/aws-sdk-go-v2/service/internal/checksum v1.9.29 h1:E65Hj648dOV6FuUfI0mYXXhQRHbsi7n+B9h6fZPJO/E=
github.com/aws/aws-sdk-go-v2/service/internal/checksum v1.9.29/go.mod h1:xLrF9yNTCs92VZSpdEd68EJbgcdw3SMR74RO6QDzWHE=
github.com/aws/aws-sdk-go-v2/service/internal/presigned-url v1.13.35 h1:BBEElKh4a+rKshvjrfpajTe9CbpZvrbb4Jkg2PB7RzA=
github.com/aws/aws-sdk-go-v2/service/internal/presigned-url v1.13.35/go.mod h1:zaZk983w//8beSruBVec/mr4CmDwgZitW/qzGhAAX0g=
github.com/aws/aws-sdk-go-v2/service/internal/presigned-url v1.13.36 h1:fx2ujmozWn+C/GtfXfz5k6Ckzza40ElOpIW7d92fLWQ=
github.com/aws/aws-sdk-go-v2/service/internal/presigned-url v1.13.36/go.mod h1:QT2ufGVJ+xTRxtXPHTQ1kHkAdWIKPCmD+BqYAXWv8/4=
github.com/aws/aws-sdk-go-v2/service/internal/s3shared v1.19.36 h1:EUIwBoN+q7UmhAejxgD27APiRjh1vwCFo53gSqdT0BM=
github.com/aws/aws-sdk-go-v2/service/internal/s3shared v1.19.36/go.mod h1:6u00gmlTGR6W0b2k9NBrld7MnOEmf1Spqx0VVt6AqyE=
github.com/aws/aws-sdk-go-v2/service/internal/s3shared v1.19.37 h1:KGHa9iZCrgtkOsFfXb0S4ywsjostA/hau7WE9aSb43E=
github.com/aws/aws-sdk-go-v2/service/internal/s3shared v1.19.37/go.mod h1:FV79f0DSnZIEGsQjWenENGtUycrasyAaJZO+zRanLHA=
github.com/aws/aws-sdk-go-v2/service/s3 v1.106.5 h1:HpN6GgZ3T8pSvRp81ZsgumNjlvRsa+9M0ZL2o6W4uLY=
github.com/aws/aws-sdk-go-v2/service/s3 v1.106.5/go.mod h1:5FTZoQxhmLEiCAtYVk6V+t0iS/B5yGZVLZ3Wq5FDJZI=
github.com/aws/aws-sdk-go-v2/service/s3 v1.107.0 h1:OkYV+1171za+ab9otU1tGxMXhx6uZvwVEtVddjLuYTg=
github.com/aws/aws-sdk-go-v2/service/s3 v1.107.0/go.mod h1:5FTZoQxhmLEiCAtYVk6V+t0iS/B5yGZVLZ3Wq5FDJZI=
github.com/aws/aws-sdk-go-v2/service/s3 v1.107.1 h1:VUTtUJMuRNMkb/7NIKmd8NQaeQLPGCMoTJxkYKre4qM=
github.com/aws/aws-sdk-go-v2/service/s3 v1.107.1/go.mod h1:WvUaO0lP5GNMs1R6cs6qvB3mqo16GLta8yfOuf55Rpc=
github.com/aws/aws-sdk-go-v2/service/signin v1.5.4 h1:cOJELVNrq5Q3Udry2GLuHUM7MhwpeaQRdYaoa6GI/yI=
github.com/aws/aws-sdk-go-v2/service/signin v1.5.4/go.mod h1:f4LxzKBtaTxD7xh3PiVg3CE1tchQemfmghaJr+NbK2c=
github.com/aws/aws-sdk-go-v2/service/signin v1.5.5 h1:0VTFBfOgPJrUSpGMgzoi8qLcXF5dbmiBuxpo14eBWUw=
github.com/aws/aws-sdk-go-v2/service/signin v1.5.5/go.mod h1:sNZYlBxoohYMBYl47BO/bFtAM6I8HSsPa1qwwPPRGoQ=
github.com/aws/aws-sdk-go-v2/service/sso v1.33.4 h1:AMW7a7S8iQaHjBYZdU3PCq4GKRPijTPRAc7e6XtEThY=
github.com/aws/aws-sdk-go-v2/service/sso v1.33.4/go.mod h1:QQNsFV1DVXoXcZt18FS8lI8rtUrlDyAuWZLQ5shunv4=
github.com/aws/aws-sdk-go-v2/service/sso v1.33.5 h1:jDQARFp1mJ2PEnllQf01nfFXGfWMJ59e0/HCHUTTZCk=
github.com/aws/aws-sdk-go-v2/service/sso v1.33.5/go.mod h1:OcT2AhgTuxGAwZk5hgxaNLGpS33W8s8dUQadGVDVY9I=
github.com/aws/aws-sdk-go-v2/service/ssooidc v1.38.4 h1:AsbZcJAQPRmHDJG8K1N0pof/1zPWjVT8TFlTWuGLSvo=
github.com/aws/aws-sdk-go-v2/service/ssooidc v1.38.4/go.mod h1:6imqztH0//t0mKbl6yWl7swSEl7F/w32oAmqB3vP1ag=
github.com/aws/aws-sdk-go-v2/service/ssooidc v1.38.5 h1:8xo1q9ttkYqMJ6vOXX67FPSpVEI7BWKVTKh77g82w+8=
github.com/aws/aws-sdk-go-v2/service/ssooidc v1.38.5/go.mod h1:hbBeEUrZg6VddXYZpbKPyF0tl4XEnM+Dbx92RW3vmZI=
github.com/aws/aws-sdk-go-v2/service/sts v1.45.4 h1:w/AryDYMjSUANSQ2uoZxJovUsMTwWJNTv3IMex30Y+4=
github.com/aws/aws-sdk-go-v2/service/sts v1.45.4/go.mod h1:WeBiAa67azG7Su9Vf+ChGDBLiAozJCXzdjXiPBUwtbc=
github.com/aws/aws-sdk-go-v2/service/sts v1.45.5 h1:eQ5BtXDrPg2wK0AjtVPzeBhUpYPeqHE/ptiH7xJRGek=
github.com/aws/aws-sdk-go-v2/service/sts v1.45.5/go.mod h1:f9ImhnOISY7BuTZLM8qHepCYnglHBVLk5wVzatmP++w=
github.com/aws/smithy-go v1.27.6 h1:0zjT8jgK3jbrTT7JJ3EE6JsMhX8JTrZ+f1sEndYDXrA=
github.com/aws/smithy-go v1.27.6/go.mod h1:YE2RhdIuDbA5E5bTdciG9KrW3+TiEONeUWCqxX9i1Fc=
github.com/aws/smithy-go v1.27.7 h1:Zgj5z4LfcDYoQIVk+n/yGdTkP/2y6ZT5vYxe0fp7bqE=
github.com/aws/smithy-go v1.27.7/go.mod h1:YE2RhdIuDbA5E5bTdciG9KrW3+TiEONeUWCqxX9i1Fc=
github.com/cespare/xxhash/v2 v2.3.0 h1:UL815xU9SqsFlibzuggzjXhog7bL6oX9BbNZnL2UFvs=
github.com/cespare/xxhash/v2 v2.3.0/go.mod h1:VGX0DQ3Q6kWi7AoAeZDth3/j3BFtOZR5XLFGgcrjCOs=
github.com/cncf/xds/go v0.0.0-20260202195803-dba9d589def2 h1:aBangftG7EVZoUb69Os8IaYg++6uMOdKK83QtkkvJik=
github.com/cncf/xds/go v0.0.0-20260202195803-dba9d589def2/go.mod h1:qwXFYgsP6T7XnJtbKlf1HP8AjxZZyzxMmc+Lq5GjlU4=
github.com/davecgh/go-spew v1.1.2-0.20180830191138-d8f796af33cc h1:U9qPSI2PIWSS1VwoXQT9A3Wy9MM3WgvqSxFWenqJduM=
github.com/davecgh/go-spew v1.1.2-0.20180830191138-d8f796af33cc/go.mod h1:J7Y8YcW2NihsgmVo/mv3lAwl/skON4iLHjSsI+c5H38=
github.com/envoyproxy/go-control-plane v0.14.0 h1:hbG2kr4RuFj222B6+7T83thSPqLjwBIfQawTkC++2HA=
github.com/envoyproxy/go-control-plane v0.14.0/go.mod h1:NcS5X47pLl/hfqxU70yPwL9ZMkUlwlKxtAohpi2wBEU=
github.com/envoyproxy/go-control-plane/envoy v1.37.0 h1:u3riX6BoYRfF4Dr7dwSOroNfdSbEPe9Yyl09/B6wBrQ=
github.com/envoyproxy/go-control-plane/envoy v1.37.0/go.mod h1:DReE9MMrmecPy+YvQOAOHNYMALuowAnbjjEMkkWOi6A=
github.com/envoyproxy/go-control-plane/ratelimit v0.1.0 h1:/G9QYbddjL25KvtKTv3an9lx6VBE2cnb8wp1vEGNYGI=
github.com/envoyproxy/go-control-plane/ratelimit v0.1.0/go.mod h1:Wk+tMFAFbCXaJPzVVHnPgRKdUdwW/KdbRt94AzgRee4=
github.com/envoyproxy/protoc-gen-validate v1.3.3 h1:MVQghNeW+LZcmXe7SY1V36Z+WFMDjpqGAGacLe2T0ds=
github.com/envoyproxy/protoc-gen-validate v1.3.3/go.mod h1:TsndJ/ngyIdQRhMcVVGDDHINPLWB7C82oDArY51KfB0=
github.com/felixge/httpsnoop v1.1.0 h1:3YtUj32ZZkqZtt3sZZsClsymw/QDuVfpNhoA31zeORc=
github.com/felixge/httpsnoop v1.1.0/go.mod h1:Zqxgdd+1Rkcz8euOqdr7lqgCRJztwr5hp9vDSi5UZCE=
github.com/go-jose/go-jose/v4 v4.1.4 h1:moDMcTHmvE6Groj34emNPLs/qtYXRVcd6S7NHbHz3kA=
github.com/go-jose/go-jose/v4 v4.1.4/go.mod h1:x4oUasVrzR7071A4TnHLGSPpNOm2a21K9Kf04k1rs08=
github.com/go-logr/logr v1.2.2/go.mod h1:jdQByPbusPIv2/zmleS9BjJVeZ6kBagPoEUsqbVz/1A=
github.com/go-logr/logr v1.4.3 h1:CjnDlHq8ikf6E492q6eKboGOC0T8CDaOvkHCIg8idEI=
github.com/go-logr/logr v1.4.3/go.mod h1:9T104GzyrTigFIr8wt5mBrctHMim0Nb2HLGrmQ40KvY=
github.com/go-logr/stdr v1.2.2 h1:hSWxHoqTgW2S2qGc0LTAI563KZ5YKYRhT3MFKZMbjag=
github.com/go-logr/stdr v1.2.2/go.mod h1:mMo/vtBO5dYbehREoey6XUKy/eSumjCCveDpRre4VKE=
github.com/golang/protobuf v1.5.4 h1:i7eJL8qZTpSEXOPTxNKhASYpMn+8e5Q6AdndVa1dWek=
github.com/golang/protobuf v1.5.4/go.mod h1:lnTiLA8Wa4RWRcIUkrtSVa5nRhsEGBg48fD6rSs7xps=
github.com/google/go-cmp v0.7.0 h1:wk8382ETsv4JYUZwIsn6YpYiWiBsYLSJiTsyBybVuN8=
github.com/google/go-cmp v0.7.0/go.mod h1:pXiqmnSA92OHEEa9HXL2W4E7lf9JzCmGVUdgjX3N/iU=
github.com/google/martian/v3 v3.3.3 h1:DIhPTQrbPkgs2yJYdXU/eNACCG5DVQjySNRNlflZ9Fc=
github.com/google/martian/v3 v3.3.3/go.mod h1:iEPrYcgCF7jA9OtScMFQyAlZZ4YXTKEtJ1E6RWzmBA0=
github.com/google/s2a-go v0.1.9 h1:LGD7gtMgezd8a/Xak7mEWL0PjoTQFvpRudN895yqKW0=
github.com/google/s2a-go v0.1.9/go.mod h1:YA0Ei2ZQL3acow2O62kdp9UlnvMmU7kA6Eutn0dXayM=
github.com/google/uuid v1.6.0 h1:NIvaJDMOsjHA8n1jAhLSgzrAzy1Hgr+hNrb57e+94F0=
github.com/google/uuid v1.6.0/go.mod h1:TIyPZe4MgqvfeYDBFedMoGGpEw/LqOeaOT+nhxU+yHo=
github.com/googleapis/enterprise-certificate-proxy v0.3.19 h1:mMOE7DN2+p76/EdIrmAy9B9bH+yC4563vmnJ34QR8i4=
github.com/googleapis/enterprise-certificate-proxy v0.3.19/go.mod h1:rSEsBUemEBZEexP2y6jPp16LUmUbjmSbcPMQizR0o4k=
github.com/googleapis/enterprise-certificate-proxy v0.3.20 h1:t/xL64VUoN69MuMRQuJETqYGOw4Z9mSRJK9epIEtwFk=
github.com/googleapis/enterprise-certificate-proxy v0.3.20/go.mod h1:L3D/IQExI6LqEjBdXcZQ1WluSgigQmSwBboFstVPM4w=
github.com/googleapis/gax-go/v2 v2.23.0 h1:Tchl7qkvE7Ip3y+ztvNufYFvkfqTe7NfLTYGIdJRLuE=
github.com/googleapis/gax-go/v2 v2.23.0/go.mod h1:rBQKOVJCdb8IFEzg+FCwlt1LP/xMDGuqUXhUG+XMXEg=
github.com/klauspost/compress v1.19.1 h1:VsB4HPswih7mmZ8WleSFQ75c/Ui1M4trX5oAsJnhSlk=
github.com/klauspost/compress v1.19.1/go.mod h1:cwPg85FWrGar70rWktvGQj8/hthj3wpl0PGDogxkrSQ=
github.com/klauspost/compress v1.19.2 h1:hMRETovs/pu/dVWN7zIT1PGG8t509MwT6bO7XSi26R8=
github.com/klauspost/compress v1.19.2/go.mod h1:cwPg85FWrGar70rWktvGQj8/hthj3wpl0PGDogxkrSQ=
github.com/planetscale/vtprotobuf v0.6.1-0.20240319094008-0393e58bdf10 h1:GFCKgmp0tecUJ0sJuv4pzYCqS9+RGSn52M3FUwPs+uo=
github.com/planetscale/vtprotobuf v0.6.1-0.20240319094008-0393e58bdf10/go.mod h1:t/avpk3KcrXxUnYOhZhMXJlSEyie6gQbtLq5NM3loB8=
github.com/pmezard/go-difflib v1.0.1-0.20181226105442-5d4384ee4fb2 h1:Jamvg5psRIccs7FGNTlIRMkT8wgtp5eCXdBlqhYGL6U=
github.com/pmezard/go-difflib v1.0.1-0.20181226105442-5d4384ee4fb2/go.mod h1:iKH77koFhYxTK1pcRnkKkqfTogsbg7gZNVY4sRDYZ/4=
github.com/siderolabs/gen v0.8.7 h1:Nu31kL0ln/facRHBfNX7zcB7w9VZ9tifXKsP4lUtWHw=
github.com/siderolabs/gen v0.8.7/go.mod h1:J9IbusbES2W6QWjtSHpDV9iPGZHc978h1+KJ4oQRspQ=
github.com/siderolabs/go-pointer v1.0.1 h1:f7Yi4IK1jptS8yrT9GEbwhmGcVxvPQgBUG/weH3V3DM=
github.com/siderolabs/go-pointer v1.0.1/go.mod h1:C8Q/3pNHT4RE9e4rYR9PHeS6KPMlStRBgYrJQJNy/vA=
github.com/siderolabs/go-retry v0.3.3 h1:zKV+S1vumtO72E6sYsLlmIdV/G/GcYSBLiEx/c9oCEg=
github.com/siderolabs/go-retry v0.3.3/go.mod h1:Ff/VGc7v7un4uQg3DybgrmOWHEmJ8BzZds/XNn/BqMI=
github.com/spf13/pflag v1.0.10 h1:4EBh2KAYBwaONj6b2Ye1GiHfwjqyROoF4RwYO+vPwFk=
github.com/spf13/pflag v1.0.10/go.mod h1:McXfInJRrz4CZXVZOBLb0bTZqETkiAhM9Iw0y3An2Bg=
github.com/spiffe/go-spiffe/v2 v2.8.1 h1:eXZMLsu+3MLEPJyGJkolqtVrteZfQdUpOWj6LTiDl/E=
github.com/spiffe/go-spiffe/v2 v2.8.1/go.mod h1:47Q0Q9/AqGha8QLHp+kxpH4Wca7X7EnOtlIJy3mxZ3U=
github.com/stretchr/testify v1.11.1 h1:7s2iGBzp5EwR7/aIZr8ao5+dra3wiQyKjjFuvgVKu7U=
github.com/stretchr/testify v1.11.1/go.mod h1:wZwfW3scLgRK+23gO65QZefKpKQRnfz6sD981Nm4B6U=
go.opentelemetry.io/auto/sdk v1.2.1 h1:jXsnJ4Lmnqd11kwkBV2LgLoFMZKizbCi5fNZ/ipaZ64=
go.opentelemetry.io/auto/sdk v1.2.1/go.mod h1:KRTj+aOaElaLi+wW1kO/DZRXwkF4C5xPbEe3ZiIhN7Y=
go.opentelemetry.io/contrib/detectors/gcp v1.44.0 h1:NmLfL734pJhM0JKaYd2Y28+nY9dPRWYAAbxhRCrKXPw=
go.opentelemetry.io/contrib/detectors/gcp v1.44.0/go.mod h1:tNAsgd8avTGke1+MndXlU5Cru4PQ9Ai/cCNWQv/ZJ/s=
go.opentelemetry.io/contrib/instrumentation/google.golang.org/grpc/otelgrpc v0.69.0 h1:2yEATaop1/a1I4psnSLgWVPLWwCzkqWakgJy7xTDVy0=
go.opentelemetry.io/contrib/instrumentation/google.golang.org/grpc/otelgrpc v0.69.0/go.mod h1:D7J12YRapIekYyPWgGPlA/23pRmpSEZC5xJC/TTLI9U=
go.opentelemetry.io/contrib/instrumentation/net/http/otelhttp v0.69.0 h1:8tvICD4vSTOOsNrsI4Ljf6C+6UKvpTEH5XY3JMoyPoo=
go.opentelemetry.io/contrib/instrumentation/net/http/otelhttp v0.69.0/go.mod h1:z9+yiacE0IHRqM4qFfkbt/JYlmYXgss8GY/jXoNuPJI=
go.opentelemetry.io/otel v1.44.0 h1:JjwHmHpA4iZ3wBxluu2fbbE7j4kqlE8jXyAyPXH7HqU=
go.opentelemetry.io/otel v1.44.0/go.mod h1:BMgjTHL9WPRlRjL2oZCBTL4whCGtXch2H4BhOPIAyYc=
go.opentelemetry.io/otel/exporters/stdout/stdoutmetric v1.44.0 h1:hqxVTu/GtBF+vJ8d1fzW7fRxZFvgoDjWcxwwCaFDYpU=
go.opentelemetry.io/otel/exporters/stdout/stdoutmetric v1.44.0/go.mod h1:z5fVEF4X5v0ESvlJqBrrFlBVoj5EQuefZpzsu7R+x5Q=
go.opentelemetry.io/otel/metric v1.44.0 h1:1w0gILTcHdr3YI+ixLyjemwrVnsMURbTZFrSYCdDdmc=
go.opentelemetry.io/otel/metric v1.44.0/go.mod h1:8O7hanEPBNgEMmybD3s2VBKcgWOCsA6tzHBPODAiquo=
go.opentelemetry.io/otel/metric/x v0.66.0 h1:YkCrx1zLOChi9ZcZ6euupOcsgzbVlec7D/xoEU1+cTA=
go.opentelemetry.io/otel/metric/x v0.66.0/go.mod h1:d1+BDj9t96do0/1LoU1ayfCv79ZgNE41qbhBvnMOBZk=
go.opentelemetry.io/otel/sdk v1.44.0 h1:nHYwb9lK+fJPU/dnT6s7W7Z8itMWyqrnVfbheVYrZ58=
go.opentelemetry.io/otel/sdk v1.44.0/go.mod h1:Osuydd3Se74nqjAKxid74N5eC+jfEqfTegHRnq58oK0=
go.opentelemetry.io/otel/sdk/metric v1.44.0 h1:3LlKgI+VjbVsjNRFZJZAJ30WjXC5VkNRks6si09iEfI=
go.opentelemetry.io/otel/sdk/metric v1.44.0/go.mod h1:5B5pMARnXxKhltooO4xUuCBorl65a4EpnTalObqOigA=
go.opentelemetry.io/otel/trace v1.44.0 h1:jxF5CsGYCe74MCRx2X4g7WsY/VBKRqqpNvXlX/6gtIk=
go.opentelemetry.io/otel/trace v1.44.0/go.mod h1:oLl1jrMQAVo6v3GAggN+1VH9VIz9iUSvW53sW1Q8PIE=
golang.org/x/crypto v0.54.0 h1:YLIA59K4fiNzHzjnZt2tUJQjQtUWfWbeHBqKtk3eScw=
golang.org/x/crypto v0.54.0/go.mod h1:KWL8ny2AZdGR2cWmzeHrp2azQPGogOv+HeQaVEXC2dk=
golang.org/x/net v0.57.0 h1:K5+3DljvIuDG9/Jv9rvyMywYNFCQ9RSUY6OOTTkT+tE=
golang.org/x/net v0.57.0/go.mod h1:KpXc8iv+r3XplLAG/f7Jsf9RPszJzdR0f58q9vGOuEU=
golang.org/x/oauth2 v0.36.0 h1:peZ/1z27fi9hUOFCAZaHyrpWG5lwe0RJEEEeH0ThlIs=
golang.org/x/oauth2 v0.36.0/go.mod h1:YDBUJMTkDnJS+A4BP4eZBjCqtokkg1hODuPjwiGPO7Q=
golang.org/x/sync v0.22.0 h1:SZjpbeLmrCk4xhRSZFNZW5gFUeCeFgjekvI/+gfScek=
golang.org/x/sync v0.22.0/go.mod h1:9xrNwdLfx4jkKbNva9FpL6vEN7evnE43NNNJQ2LF3+0=
golang.org/x/sys v0.47.0 h1:o7XGOvZQCADBQQ4Y7VNq2dRWQR7JmOUW8Kxx4ZsNgWs=
golang.org/x/sys v0.47.0/go.mod h1:4GL1E5IUh+htKOUEOaiffhrAeqysfVGipDYzABqnCmw=
golang.org/x/text v0.40.0 h1:Ub2Z6/xjgF1WrYQz2nuITOEegKFtiIy+rieRJ5lHZKs=
golang.org/x/text v0.40.0/go.mod h1:hpnzDAfGV753zIKo+wk3u1bVKCGPbrnF7+7LBF/UHVY=
golang.org/x/time v0.15.0 h1:bbrp8t3bGUeFOx08pvsMYRTCVSMk89u4tKbNOZbp88U=
golang.org/x/time v0.15.0/go.mod h1:Y4YMaQmXwGQZoFaVFk4YpCt4FLQMYKZe9oeV/f4MSno=
gonum.org/v1/gonum v0.17.0 h1:VbpOemQlsSMrYmn7T2OUvQ4dqxQXU+ouZFQsZOx50z4=
gonum.org/v1/gonum v0.17.0/go.mod h1:El3tOrEuMpv2UdMrbNlKEh9vd86bmQ6vqIcDwxEOc1E=
google.golang.org/api v0.292.0 h1:Ewiwo/GTtiaPZSNAZQUcWLh8AYDEoPmIXyJfeoTSMHU=
google.golang.org/api v0.292.0/go.mod h1:07kjmMnFGm2RQuCza2EZM/5N68G/fVvFb1xKjWqoFA0=
google.golang.org/api v0.293.0 h1:p9XIWOf63U4OgYx120ZwVU8+vl4XTPmWfgVPnmOAS9w=
google.golang.org/api v0.293.0/go.mod h1:6n5tjEB1gzwniZTepZ0g5u+wM7Bof5GeULCx/zh8ZE0=
google.golang.org/genproto v0.0.0-20260713224248-f5fc221cf8c4 h1:PWVFocb6Y93aqxY7m9ArHu5zQiLkIrXBLr+ajQxRHH0=
google.golang.org/genproto v0.0.0-20260713224248-f5fc221cf8c4/go.mod h1:v47/Kzm6KzB/2uGxuDjGww+7Dk7ny/VFIaIw4WxEtu0=
google.golang.org/genproto/googleapis/api v0.0.0-20260713224248-f5fc221cf8c4 h1:lI0NbdWVmT6lOJJNDd7vyeTdfxP/7ouCLSJUKNNXa0k=
google.golang.org/genproto/googleapis/api v0.0.0-20260713224248-f5fc221cf8c4/go.mod h1:WRrQ7/7N19PypuT0fxLOL5Lq0waoiRri4FbtHDEKrGE=
google.golang.org/genproto/googleapis/rpc v0.0.0-20260803160001-6ac0973c030d h1:IL4hdHzcUv2l/gcg98/Rj3FbtE6axwqslOW8SW0C+S0=
google.golang.org/genproto/googleapis/rpc v0.0.0-20260803160001-6ac0973c030d/go.mod h1:4Hqkh8ycfw05ld/3BWL7rJOSfebL2Q+DVDeRgYgxUU8=
google.golang.org/genproto/googleapis/rpc v0.0.0-20260807164820-c8921c73eeea h1:kVhQEPTpKQahD5+JSBTfBB19wcgQTTjAIn45MBqnyHk=
google.golang.org/genproto/googleapis/rpc v0.0.0-20260807164820-c8921c73eeea/go.mod h1:4Hqkh8ycfw05ld/3BWL7rJOSfebL2Q+DVDeRgYgxUU8=
google.golang.org/grpc v1.83.0 h1:JeNZEKJFbQxArAMl+hiytHauacDNqJUllNfmIMmpqnQ=
google.golang.org/grpc v1.83.0/go.mod h1:kDyl6SKsiHKt0uylY5gtn5cEjkrIOhQOGDgIc4JGwzQ=
google.golang.org/protobuf v1.36.11 h1:fV6ZwhNocDyBLK0dj+fg8ektcVegBBuEolpbTQyBNVE=
google.golang.org/protobuf v1.36.11/go.mod h1:HTf+CrKn2C3g5S8VImy6tdcUvCska2kB7j23XfzDpco=
gopkg.in/yaml.v3 v3.0.1 h1:fxVm/GzAzEWqLHuvctI91KS9hhNmmWOoWu0XTYJS7CA=
gopkg.in/yaml.v3 v3.0.1/go.mod h1:K4uyk7z7BCEPqu6E+C64Yfv1cQ7kz7rIZviUmN+EgEM=
