cel.dev/expr v0.21.2 h1:o+Wj235dy4gFYlYin3JsMpp3EEfMrPm/6tdoyjT98S0=
cel.dev/expr v0.21.2/go.mod h1:MrpN08Q+lEBs+bGYdLxxHkZoUSsCp0nSKTs0nTymJgw=
cloud.google.com/go v0.118.3 h1:jsypSnrE/w4mJysioGdMBg4MiW/hHx/sArFpaBWHdME=
cloud.google.com/go v0.118.3/go.mod h1:Lhs3YLnBlwJ4KA6nuObNMZ/fCbOQBPuWKPoE0Wa/9Vc=
cloud.google.com/go/auth v0.15.0 h1:Ly0u4aA5vG/fsSsxu98qCQBemXtAtJf+95z9HK+cxps=
cloud.google.com/go/auth v0.15.0/go.mod h1:WJDGqZ1o9E9wKIL+IwStfyn/+s59zl4Bi+1KQNVXLZ8=
cloud.google.com/go/auth/oauth2adapt v0.2.8 h1:keo8NaayQZ6wimpNSmW5OPc283g65QNIiLpZnkHRbnc=
cloud.google.com/go/auth/oauth2adapt v0.2.8/go.mod h1:XQ9y31RkqZCcwJWNSx2Xvric3RrU88hAYYbjDWYDL+c=
cloud.google.com/go/compute/metadata v0.6.0 h1:A6hENjEsCDtC1k8byVsgwvVcioamEHvZ4j01OwKxG9I=
cloud.google.com/go/compute/metadata v0.6.0/go.mod h1:FjyFAW1MW0C203CEOMDTu3Dk1FlqW3Rga40jzHL4hfg=
cloud.google.com/go/iam v1.4.1 h1:cFC25Nv+u5BkTR/BT1tXdoF2daiVbZ1RLx2eqfQ9RMM=
cloud.google.com/go/iam v1.4.1/go.mod h1:2vUEJpUG3Q9p2UdsyksaKpDzlwOrnMzS30isdReIcLM=
cloud.google.com/go/logging v1.13.0 h1:7j0HgAp0B94o1YRDqiqm26w4q1rDMH7XNRU34lJXHYc=
cloud.google.com/go/logging v1.13.0/go.mod h1:36CoKh6KA/M0PbhPKMq6/qety2DCAErbhXT62TuXALA=
cloud.google.com/go/longrunning v0.6.5 h1:sD+t8DO8j4HKW4QfouCklg7ZC1qC4uzVZt8iz3uTW+Q=
cloud.google.com/go/longrunning v0.6.5/go.mod h1:Et04XK+0TTLKa5IPYryKf5DkpwImy6TluQ1QTLwlKmY=
cloud.google.com/go/monitoring v1.24.0 h1:csSKiCJ+WVRgNkRzzz3BPoGjFhjPY23ZTcaenToJxMM=
cloud.google.com/go/monitoring v1.24.0/go.mod h1:Bd1PRK5bmQBQNnuGwHBfUamAV1ys9049oEPHnn4pcsc=
cloud.google.com/go/storage v1.51.0 h1:ZVZ11zCiD7b3k+cH5lQs/qcNaoSz3U9I0jgwVzqDlCw=
cloud.google.com/go/storage v1.51.0/go.mod h1:YEJfu/Ki3i5oHC/7jyTgsGZwdQ8P9hqMqvpi5kRKGgc=
cloud.google.com/go/trace v1.11.3 h1:c+I4YFjxRQjvAhRmSsmjpASUKq88chOX854ied0K/pE=
cloud.google.com/go/trace v1.11.3/go.mod h1:pt7zCYiDSQjC9Y2oqCsh9jF4GStB/hmjrYLsxRR27q8=
github.com/GoogleCloudPlatform/opentelemetry-operations-go/detectors/gcp v1.27.0 h1:ErKg/3iS1AKcTkf3yixlZ54f9U1rljCkQyEXWUnIUxc=
github.com/GoogleCloudPlatform/opentelemetry-operations-go/detectors/gcp v1.27.0/go.mod h1:yAZHSGnqScoU556rBOVkwLze6WP5N+U11RHuWaGVxwY=
github.com/GoogleCloudPlatform/opentelemetry-operations-go/exporter/metric v0.51.0 h1:fYE9p3esPxA/C0rQ0AHhP0drtPXDRhaWiwg1DPqO7IU=
github.com/GoogleCloudPlatform/opentelemetry-operations-go/exporter/metric v0.51.0/go.mod h1:BnBReJLvVYx2CS/UHOgVz2BXKXD9wsQPxZug20nZhd0=
github.com/GoogleCloudPlatform/opentelemetry-operations-go/internal/cloudmock v0.51.0 h1:OqVGm6Ei3x5+yZmSJG1Mh2NwHvpVmZ08CB5qJhT9Nuk=
github.com/GoogleCloudPlatform/opentelemetry-operations-go/internal/cloudmock v0.51.0/go.mod h1:SZiPHWGOOk3bl8tkevxkoiwPgsIl6CwrWcbwjfHZpdM=
github.com/GoogleCloudPlatform/opentelemetry-operations-go/internal/resourcemapping v0.51.0 h1:6/0iUd0xrnX7qt+mLNRwg5c0PGv8wpE8K90ryANQwMI=
github.com/GoogleCloudPlatform/opentelemetry-operations-go/internal/resourcemapping v0.51.0/go.mod h1:otE2jQekW/PqXk1Awf5lmfokJx4uwuqcj1ab5SpGeW0=
github.com/aws/aws-sdk-go-v2 v1.36.3 h1:mJoei2CxPutQVxaATCzDUjcZEjVRdpsiiXi2o38yqWM=
github.com/aws/aws-sdk-go-v2 v1.36.3/go.mod h1:LLXuLpgzEbD766Z5ECcRmi8AzSwfZItDtmABVkRLGzg=
github.com/aws/aws-sdk-go-v2/aws/protocol/eventstream v1.6.10 h1:zAybnyUQXIZ5mok5Jqwlf58/TFE7uvd3IAsa1aF9cXs=
github.com/aws/aws-sdk-go-v2/aws/protocol/eventstream v1.6.10/go.mod h1:qqvMj6gHLR/EXWZw4ZbqlPbQUyenf4h82UQUlKc+l14=
github.com/aws/aws-sdk-go-v2/config v1.29.12 h1:Y/2a+jLPrPbHpFkpAAYkVEtJmxORlXoo5k2g1fa2sUo=
github.com/aws/aws-sdk-go-v2/config v1.29.12/go.mod h1:xse1YTjmORlb/6fhkWi8qJh3cvZi4JoVNhc+NbJt4kI=
github.com/aws/aws-sdk-go-v2/credentials v1.17.65 h1:q+nV2yYegofO/SUXruT+pn4KxkxmaQ++1B/QedcKBFM=
github.com/aws/aws-sdk-go-v2/credentials v1.17.65/go.mod h1:4zyjAuGOdikpNYiSGpsGz8hLGmUzlY8pc8r9QQ/RXYQ=
github.com/aws/aws-sdk-go-v2/feature/ec2/imds v1.16.30 h1:x793wxmUWVDhshP8WW2mlnXuFrO4cOd3HLBroh1paFw=
github.com/aws/aws-sdk-go-v2/feature/ec2/imds v1.16.30/go.mod h1:Jpne2tDnYiFascUEs2AWHJL9Yp7A5ZVy3TNyxaAjD6M=
github.com/aws/aws-sdk-go-v2/feature/s3/manager v1.17.70 h1:pgaM86/BFt7dR0b/Jj+OU+taT34nkQlKPkjkYH1POAo=
github.com/aws/aws-sdk-go-v2/feature/s3/manager v1.17.70/go.mod h1:vnoXXAU4FFW5JqLC/ZPF67IA5N0f8gah0t0aGI+N9+4=
github.com/aws/aws-sdk-go-v2/internal/configsources v1.3.34 h1:ZK5jHhnrioRkUNOc+hOgQKlUL5JeC3S6JgLxtQ+Rm0Q=
github.com/aws/aws-sdk-go-v2/internal/configsources v1.3.34/go.mod h1:p4VfIceZokChbA9FzMbRGz5OV+lekcVtHlPKEO0gSZY=
github.com/aws/aws-sdk-go-v2/internal/endpoints/v2 v2.6.34 h1:SZwFm17ZUNNg5Np0ioo/gq8Mn6u9w19Mri8DnJ15Jf0=
github.com/aws/aws-sdk-go-v2/internal/endpoints/v2 v2.6.34/go.mod h1:dFZsC0BLo346mvKQLWmoJxT+Sjp+qcVR1tRVHQGOH9Q=
github.com/aws/aws-sdk-go-v2/internal/ini v1.8.3 h1:bIqFDwgGXXN1Kpp99pDOdKMTTb5d2KyU5X/BZxjOkRo=
github.com/aws/aws-sdk-go-v2/internal/ini v1.8.3/go.mod h1:H5O/EsxDWyU+LP/V8i5sm8cxoZgc2fdNR9bxlOFrQTo=
github.com/aws/aws-sdk-go-v2/internal/v4a v1.3.34 h1:ZNTqv4nIdE/DiBfUUfXcLZ/Spcuz+RjeziUtNJackkM=
github.com/aws/aws-sdk-go-v2/internal/v4a v1.3.34/go.mod h1:zf7Vcd1ViW7cPqYWEHLHJkS50X0JS2IKz9Cgaj6ugrs=
github.com/aws/aws-sdk-go-v2/service/ec2 v1.211.0 h1:+5SxE8y8TIOYt8cwoqtd4WVpdpHHDWXD99DEAIjfBJ8=
github.com/aws/aws-sdk-go-v2/service/ec2 v1.211.0/go.mod h1:ouvGEfHbLaIlWwpDpOVWPWR+YwO0HDv3vm5tYLq8ImY=
github.com/aws/aws-sdk-go-v2/service/internal/accept-encoding v1.12.3 h1:eAh2A4b5IzM/lum78bZ590jy36+d/aFLgKF/4Vd1xPE=
github.com/aws/aws-sdk-go-v2/service/internal/accept-encoding v1.12.3/go.mod h1:0yKJC/kb8sAnmlYa6Zs3QVYqaC8ug2AbnNChv5Ox3uA=
github.com/aws/aws-sdk-go-v2/service/internal/checksum v1.7.0 h1:lguz0bmOoGzozP9XfRJR1QIayEYo+2vP/No3OfLF0pU=
github.com/aws/aws-sdk-go-v2/service/internal/checksum v1.7.0/go.mod h1:iu6FSzgt+M2/x3Dk8zhycdIcHjEFb36IS8HVUVFoMg0=
github.com/aws/aws-sdk-go-v2/service/internal/presigned-url v1.12.15 h1:dM9/92u2F1JbDaGooxTq18wmmFzbJRfXfVfy96/1CXM=
github.com/aws/aws-sdk-go-v2/service/internal/presigned-url v1.12.15/go.mod h1:SwFBy2vjtA0vZbjjaFtfN045boopadnoVPhu4Fv66vY=
github.com/aws/aws-sdk-go-v2/service/internal/s3shared v1.18.15 h1:moLQUoVq91LiqT1nbvzDukyqAlCv89ZmwaHw/ZFlFZg=
github.com/aws/aws-sdk-go-v2/service/internal/s3shared v1.18.15/go.mod h1:ZH34PJUc8ApjBIfgQCFvkWcUDBtl/WTD+uiYHjd8igA=
github.com/aws/aws-sdk-go-v2/service/s3 v1.79.0 h1:OIw2nryEApESTYI5deCZGcq4Gvz8DBAt4tJlNyg3v5o=
github.com/aws/aws-sdk-go-v2/service/s3 v1.79.0/go.mod h1:U5SNqwhXB3Xe6F47kXvWihPl/ilGaEDe8HD/50Z9wxc=
github.com/aws/aws-sdk-go-v2/service/sso v1.25.2 h1:pdgODsAhGo4dvzC3JAG5Ce0PX8kWXrTZGx+jxADD+5E=
github.com/aws/aws-sdk-go-v2/service/sso v1.25.2/go.mod h1:qs4a9T5EMLl/Cajiw2TcbNt2UNo/Hqlyp+GiuG4CFDI=
github.com/aws/aws-sdk-go-v2/service/ssooidc v1.30.0 h1:90uX0veLKcdHVfvxhkWUQSCi5VabtwMLFutYiRke4oo=
github.com/aws/aws-sdk-go-v2/service/ssooidc v1.30.0/go.mod h1:MlYRNmYu/fGPoxBQVvBYr9nyr948aY/WLUvwBMBJubs=
github.com/aws/aws-sdk-go-v2/service/sts v1.33.17 h1:PZV5W8yk4OtH1JAuhV2PXwwO9v5G5Aoj+eMCn4T+1Kc=
github.com/aws/aws-sdk-go-v2/service/sts v1.33.17/go.mod h1:cQnB8CUnxbMU82JvlqjKR2HBOm3fe9pWorWBza6MBJ4=
github.com/aws/smithy-go v1.22.3 h1:Z//5NuZCSW6R4PhQ93hShNbyBbn8BWCmCVCt+Q8Io5k=
github.com/aws/smithy-go v1.22.3/go.mod h1:t1ufH5HMublsJYulve2RKmHDC15xu1f26kHCp/HgceI=
github.com/cespare/xxhash/v2 v2.3.0 h1:UL815xU9SqsFlibzuggzjXhog7bL6oX9BbNZnL2UFvs=
github.com/cespare/xxhash/v2 v2.3.0/go.mod h1:VGX0DQ3Q6kWi7AoAeZDth3/j3BFtOZR5XLFGgcrjCOs=
github.com/cncf/xds/go v0.0.0-20250121191232-2f005788dc42 h1:Om6kYQYDUk5wWbT0t0q6pvyM49i9XZAv9dDrkDA7gjk=
github.com/cncf/xds/go v0.0.0-20250121191232-2f005788dc42/go.mod h1:W+zGtBO5Y1IgJhy4+A9GOqVhqLpfZi+vwmdNXUehLA8=
github.com/davecgh/go-spew v1.1.1 h1:vj9j/u1bqnvCEfJOwUhtlOARqs3+rkHYY13jYWTU97c=
github.com/davecgh/go-spew v1.1.1/go.mod h1:J7Y8YcW2NihsgmVo/mv3lAwl/skON4iLHjSsI+c5H38=
github.com/envoyproxy/go-control-plane v0.13.4 h1:zEqyPVyku6IvWCFwux4x9RxkLOMUL+1vC9xUFv5l2/M=
github.com/envoyproxy/go-control-plane v0.13.4/go.mod h1:kDfuBlDVsSj2MjrLEtRWtHlsWIFcGyB2RMO44Dc5GZA=
github.com/envoyproxy/go-control-plane/envoy v1.32.4 h1:jb83lalDRZSpPWW2Z7Mck/8kXZ5CQAFYVjQcdVIr83A=
github.com/envoyproxy/go-control-plane/envoy v1.32.4/go.mod h1:Gzjc5k8JcJswLjAx1Zm+wSYE20UrLtt7JZMWiWQXQEw=
github.com/envoyproxy/go-control-plane/ratelimit v0.1.0 h1:/G9QYbddjL25KvtKTv3an9lx6VBE2cnb8wp1vEGNYGI=
github.com/envoyproxy/go-control-plane/ratelimit v0.1.0/go.mod h1:Wk+tMFAFbCXaJPzVVHnPgRKdUdwW/KdbRt94AzgRee4=
github.com/envoyproxy/protoc-gen-validate v1.2.1 h1:DEo3O99U8j4hBFwbJfrz9VtgcDfUKS7KJ7spH3d86P8=
github.com/envoyproxy/protoc-gen-validate v1.2.1/go.mod h1:d/C80l/jxXLdfEIhX1W2TmLfsJ31lvEjwamM4DxlWXU=
github.com/felixge/httpsnoop v1.0.4 h1:NFTV2Zj1bL4mc9sqWACXbQFVBBg2W3GPvqp8/ESS2Wg=
github.com/felixge/httpsnoop v1.0.4/go.mod h1:m8KPJKqk1gH5J9DgRY2ASl2lWCfGKXixSwevea8zH2U=
github.com/go-logr/logr v1.2.2/go.mod h1:jdQByPbusPIv2/zmleS9BjJVeZ6kBagPoEUsqbVz/1A=
github.com/go-logr/logr v1.4.2 h1:6pFjapn8bFcIbiKo3XT4j/BhANplGihG6tvd+8rYgrY=
github.com/go-logr/logr v1.4.2/go.mod h1:9T104GzyrTigFIr8wt5mBrctHMim0Nb2HLGrmQ40KvY=
github.com/go-logr/stdr v1.2.2 h1:hSWxHoqTgW2S2qGc0LTAI563KZ5YKYRhT3MFKZMbjag=
github.com/go-logr/stdr v1.2.2/go.mod h1:mMo/vtBO5dYbehREoey6XUKy/eSumjCCveDpRre4VKE=
github.com/golang/protobuf v1.5.4 h1:i7eJL8qZTpSEXOPTxNKhASYpMn+8e5Q6AdndVa1dWek=
github.com/golang/protobuf v1.5.4/go.mod h1:lnTiLA8Wa4RWRcIUkrtSVa5nRhsEGBg48fD6rSs7xps=
github.com/google/go-cmp v0.7.0 h1:wk8382ETsv4JYUZwIsn6YpYiWiBsYLSJiTsyBybVuN8=
github.com/google/go-cmp v0.7.0/go.mod h1:pXiqmnSA92OHEEa9HXL2W4E7lf9JzCmGVUdgjX3N/iU=
github.com/google/martian/v3 v3.3.3 h1:DIhPTQrbPkgs2yJYdXU/eNACCG5DVQjySNRNlflZ9Fc=
github.com/google/martian/v3 v3.3.3/go.mod h1:iEPrYcgCF7jA9OtScMFQyAlZZ4YXTKEtJ1E6RWzmBA0=
github.com/google/s2a-go v0.1.9 h1:LGD7gtMgezd8a/Xak7mEWL0PjoTQFvpRudN895yqKW0=
github.com/google/s2a-go v0.1.9/go.mod h1:YA0Ei2ZQL3acow2O62kdp9UlnvMmU7kA6Eutn0dXayM=
github.com/google/uuid v1.6.0 h1:NIvaJDMOsjHA8n1jAhLSgzrAzy1Hgr+hNrb57e+94F0=
github.com/google/uuid v1.6.0/go.mod h1:TIyPZe4MgqvfeYDBFedMoGGpEw/LqOeaOT+nhxU+yHo=
github.com/googleapis/enterprise-certificate-proxy v0.3.6 h1:GW/XbdyBFQ8Qe+YAmFU9uHLo7OnF5tL52HFAgMmyrf4=
github.com/googleapis/enterprise-certificate-proxy v0.3.6/go.mod h1:MkHOF77EYAE7qfSuSS9PU6g4Nt4e11cnsDUowfwewLA=
github.com/googleapis/gax-go/v2 v2.14.1 h1:hb0FFeiPaQskmvakKu5EbCbpntQn48jyHuvrkurSS/Q=
github.com/googleapis/gax-go/v2 v2.14.1/go.mod h1:Hb/NubMaVM88SrNkvl8X/o8XWwDJEPqouaLeN2IUxoA=
github.com/klauspost/compress v1.18.0 h1:c/Cqfb0r+Yi+JtIEq73FWXVkRonBlf0CRNYc8Zttxdo=
github.com/klauspost/compress v1.18.0/go.mod h1:2Pp+KzxcywXVXMr50+X0Q/Lsb43OQHYWRCY2AiWywWQ=
github.com/planetscale/vtprotobuf v0.6.1-0.20240319094008-0393e58bdf10 h1:GFCKgmp0tecUJ0sJuv4pzYCqS9+RGSn52M3FUwPs+uo=
github.com/planetscale/vtprotobuf v0.6.1-0.20240319094008-0393e58bdf10/go.mod h1:t/avpk3KcrXxUnYOhZhMXJlSEyie6gQbtLq5NM3loB8=
github.com/pmezard/go-difflib v1.0.0 h1:4DBwDE0NGyQoBHbLQYPwSUPoCMWR5BEzIk/f1lZbAQM=
github.com/pmezard/go-difflib v1.0.0/go.mod h1:iKH77koFhYxTK1pcRnkKkqfTogsbg7gZNVY4sRDYZ/4=
github.com/siderolabs/gen v0.8.0 h1:Pj93+hexkk5hQ7izjJ6YXnEWc8vlzOmDwFz13/VzS7o=
github.com/siderolabs/gen v0.8.0/go.mod h1:an3a2Y53O7kUjnnK8Bfu3gewtvnIOu5RTU6HalFtXQQ=
github.com/siderolabs/go-pointer v1.0.1 h1:f7Yi4IK1jptS8yrT9GEbwhmGcVxvPQgBUG/weH3V3DM=
github.com/siderolabs/go-pointer v1.0.1/go.mod h1:C8Q/3pNHT4RE9e4rYR9PHeS6KPMlStRBgYrJQJNy/vA=
github.com/siderolabs/go-retry v0.3.3 h1:zKV+S1vumtO72E6sYsLlmIdV/G/GcYSBLiEx/c9oCEg=
github.com/siderolabs/go-retry v0.3.3/go.mod h1:Ff/VGc7v7un4uQg3DybgrmOWHEmJ8BzZds/XNn/BqMI=
github.com/spf13/pflag v1.0.6 h1:jFzHGLGAlb3ruxLB8MhbI6A8+AQX/2eW4qeyNZXNp2o=
github.com/spf13/pflag v1.0.6/go.mod h1:McXfInJRrz4CZXVZOBLb0bTZqETkiAhM9Iw0y3An2Bg=
github.com/stretchr/testify v1.10.0 h1:Xv5erBjTwe/5IxqUQTdXv5kgmIvbHo3QQyRwhJsOfJA=
github.com/stretchr/testify v1.10.0/go.mod h1:r2ic/lqez/lEtzL7wO/rwa5dbSLXVDPFyf8C91i36aY=
go.opentelemetry.io/auto/sdk v1.1.0 h1:cH53jehLUN6UFLY71z+NDOiNJqDdPRaXzTel0sJySYA=
go.opentelemetry.io/auto/sdk v1.1.0/go.mod h1:3wSPjt5PWp2RhlCcmmOial7AvC4DQqZb7a7wCow3W8A=
go.opentelemetry.io/contrib/detectors/gcp v1.34.0 h1:JRxssobiPg23otYU5SbWtQC//snGVIM3Tx6QRzlQBao=
go.opentelemetry.io/contrib/detectors/gcp v1.34.0/go.mod h1:cV4BMFcscUR/ckqLkbfQmF0PRsq8w/lMGzdbCSveBHo=
go.opentelemetry.io/contrib/instrumentation/google.golang.org/grpc/otelgrpc v0.59.0 h1:rgMkmiGfix9vFJDcDi1PK8WEQP4FLQwLDfhp5ZLpFeE=
go.opentelemetry.io/contrib/instrumentation/google.golang.org/grpc/otelgrpc v0.59.0/go.mod h1:ijPqXp5P6IRRByFVVg9DY8P5HkxkHE5ARIa+86aXPf4=
go.opentelemetry.io/contrib/instrumentation/net/http/otelhttp v0.59.0 h1:CV7UdSGJt/Ao6Gp4CXckLxVRRsRgDHoI8XjbL3PDl8s=
go.opentelemetry.io/contrib/instrumentation/net/http/otelhttp v0.59.0/go.mod h1:FRmFuRJfag1IZ2dPkHnEoSFVgTVPUd2qf5Vi69hLb8I=
go.opentelemetry.io/otel v1.34.0 h1:zRLXxLCgL1WyKsPVrgbSdMN4c0FMkDAskSTQP+0hdUY=
go.opentelemetry.io/otel v1.34.0/go.mod h1:OWFPOQ+h4G8xpyjgqo4SxJYdDQ/qmRH+wivy7zzx9oI=
go.opentelemetry.io/otel/exporters/stdout/stdoutmetric v1.29.0 h1:WDdP9acbMYjbKIyJUhTvtzj601sVJOqgWdUxSdR/Ysc=
go.opentelemetry.io/otel/exporters/stdout/stdoutmetric v1.29.0/go.mod h1:BLbf7zbNIONBLPwvFnwNHGj4zge8uTCM/UPIVW1Mq2I=
go.opentelemetry.io/otel/metric v1.34.0 h1:+eTR3U0MyfWjRDhmFMxe2SsW64QrZ84AOhvqS7Y+PoQ=
go.opentelemetry.io/otel/metric v1.34.0/go.mod h1:CEDrp0fy2D0MvkXE+dPV7cMi8tWZwX3dmaIhwPOaqHE=
go.opentelemetry.io/otel/sdk v1.34.0 h1:95zS4k/2GOy069d321O8jWgYsW3MzVV+KuSPKp7Wr1A=
go.opentelemetry.io/otel/sdk v1.34.0/go.mod h1:0e/pNiaMAqaykJGKbi+tSjWfNNHMTxoC9qANsCzbyxU=
go.opentelemetry.io/otel/sdk/metric v1.34.0 h1:5CeK9ujjbFVL5c1PhLuStg1wxA7vQv7ce1EK0Gyvahk=
go.opentelemetry.io/otel/sdk/metric v1.34.0/go.mod h1:jQ/r8Ze28zRKoNRdkjCZxfs6YvBTG1+YIqyFVFYec5w=
go.opentelemetry.io/otel/trace v1.34.0 h1:+ouXS2V8Rd4hp4580a8q23bg0azF2nI8cqLYnC8mh/k=
go.opentelemetry.io/otel/trace v1.34.0/go.mod h1:Svm7lSjQD7kG7KJ/MUHPVXSDGz2OX4h0M2jHBhmSfRE=
golang.org/x/crypto v0.36.0 h1:AnAEvhDddvBdpY+uR+MyHmuZzzNqXSe/GvuDeob5L34=
golang.org/x/crypto v0.36.0/go.mod h1:Y4J0ReaxCR1IMaabaSMugxJES1EpwhBHhv2bDHklZvc=
golang.org/x/net v0.37.0 h1:1zLorHbz+LYj7MQlSf1+2tPIIgibq2eL5xkrGk6f+2c=
golang.org/x/net v0.37.0/go.mod h1:ivrbrMbzFq5J41QOQh0siUuly180yBYtLp+CKbEaFx8=
golang.org/x/oauth2 v0.28.0 h1:CrgCKl8PPAVtLnU3c+EDw6x11699EWlsDeWNWKdIOkc=
golang.org/x/oauth2 v0.28.0/go.mod h1:onh5ek6nERTohokkhCD/y2cV4Do3fxFHFuAejCkRWT8=
golang.org/x/sync v0.12.0 h1:MHc5BpPuC30uJk597Ri8TV3CNZcTLu6B6z4lJy+g6Jw=
golang.org/x/sync v0.12.0/go.mod h1:1dzgHSNfp02xaA81J2MS99Qcpr2w7fw1gpm99rleRqA=
golang.org/x/sys v0.31.0 h1:ioabZlmFYtWhL+TRYpcnNlLwhyxaM9kWTDEmfnprqik=
golang.org/x/sys v0.31.0/go.mod h1:BJP2sWEmIv4KK5OTEluFJCKSidICx8ciO85XgH3Ak8k=
golang.org/x/text v0.23.0 h1:D71I7dUrlY+VX0gQShAThNGHFxZ13dGLBHQLVl1mJlY=
golang.org/x/text v0.23.0/go.mod h1:/BLNzu4aZCJ1+kcD0DNRotWKage4q2rGVAg4o22unh4=
golang.org/x/time v0.11.0 h1:/bpjEDfN9tkoN/ryeYHnv5hcMlc8ncjMcM4XBk5NWV0=
golang.org/x/time v0.11.0/go.mod h1:CDIdPxbZBQxdj6cxyCIdrNogrJKMJ7pr37NYpMcMDSg=
google.golang.org/api v0.228.0 h1:X2DJ/uoWGnY5obVjewbp8icSL5U4FzuCfy9OjbLSnLs=
google.golang.org/api v0.228.0/go.mod h1:wNvRS1Pbe8r4+IfBIniV8fwCpGwTrYa+kMUDiC5z5a4=
google.golang.org/genproto v0.0.0-20250303144028-a0af3efb3deb h1:ITgPrl429bc6+2ZraNSzMDk3I95nmQln2fuPstKwFDE=
google.golang.org/genproto v0.0.0-20250303144028-a0af3efb3deb/go.mod h1:sAo5UzpjUwgFBCzupwhcLcxHVDK7vG5IqI30YnwX2eE=
google.golang.org/genproto/googleapis/api v0.0.0-20250303144028-a0af3efb3deb h1:p31xT4yrYrSM/G4Sn2+TNUkVhFCbG9y8itM2S6Th950=
google.golang.org/genproto/googleapis/api v0.0.0-20250303144028-a0af3efb3deb/go.mod h1:jbe3Bkdp+Dh2IrslsFCklNhweNTBgSYanP1UXhJDhKg=
google.golang.org/genproto/googleapis/rpc v0.0.0-20250313205543-e70fdf4c4cb4 h1:iK2jbkWL86DXjEx0qiHcRE9dE4/Ahua5k6V8OWFb//c=
google.golang.org/genproto/googleapis/rpc v0.0.0-20250313205543-e70fdf4c4cb4/go.mod h1:LuRYeWDFV6WOn90g357N17oMCaxpgCnbi/44qJvDn2I=
google.golang.org/grpc v1.71.0 h1:kF77BGdPTQ4/JZWMlb9VpJ5pa25aqvVqogsxNHHdeBg=
google.golang.org/grpc v1.71.0/go.mod h1:H0GRtasmQOh9LkFoCPDu3ZrwUtD1YGE+b2vYBYd/8Ec=
google.golang.org/protobuf v1.36.6 h1:z1NpPI8ku2WgiWnf+t9wTPsn6eP1L7ksHUlkfLvd9xY=
google.golang.org/protobuf v1.36.6/go.mod h1:jduwjTPXsFjZGTmRluh+L6NjiWu7pchiJ2/5YcXBHnY=
gopkg.in/yaml.v3 v3.0.1 h1:fxVm/GzAzEWqLHuvctI91KS9hhNmmWOoWu0XTYJS7CA=
gopkg.in/yaml.v3 v3.0.1/go.mod h1:K4uyk7z7BCEPqu6E+C64Yfv1cQ7kz7rIZviUmN+EgEM=
