# THIS FILE WAS AUTOMATICALLY GENERATED, PLEASE DO NOT EDIT.
#
# Generated on 2025-12-02T12:49:13Z by kres 571923f.

"on":
  schedule:
    - cron: 0 2 * * *
name: Lock old issues
permissions:
  issues: write
jobs:
  action:
    runs-on:
      - ubuntu-latest
    steps:
      - name: Lock old issues
        uses: dessant/lock-threads@7266a7ce5c1df01b1c6db85bf8cd86c737dadbe7 # version: v5.0.1
        with:
          issue-inactive-days: "60"
          log-output: "true"
          process-only: issues
