# THIS FILE WAS AUTOMATICALLY GENERATED BY KRES, PLEASE DO NOT EDIT.
#
# Generated on 2026-07-06T16:03:12Z by kres 14a38a3.

'on':
  schedule:
    - cron: 0 2 * * *
name: Lock old issues
permissions:
  issues: write
jobs:
  action:
    runs-on:
      - ubuntu-latest
    steps:
      - name: Lock old issues
        uses: dessant/lock-threads@89ae32b08ed1a541efecbab17912962a5e38981c # version: v6.0.2
        with:
          issue-inactive-days: "60"
          log-output: "true"
          process-only: issues
